
Microsoft Visual Studio Solution File, Format Version 12.00
# Visual Studio 14
VisualStudioVersion = 14.0.25420.1
MinimumVisualStudioVersion = 10.0.40219.1
Project("{8BC9CEB8-8B4A-11D0-8D11-00A0C91BC942}") = "OGL_01_CreateWindow", "OGL_01_CreateWindow\OGL_01_CreateWindow.vcxproj", "{43FE15FE-6379-4CDA-A721-439E5B7831E3}"
EndProject
Project("{8BC9CEB8-8B4A-11D0-8D11-00A0C91BC942}") = "OGL_02_CreateTriangle", "OGL_02_CreateTriangle\OGL_02_CreateTriangle.vcxproj", "{F2D5272E-2A13-4DFC-AA30-3278D36A4400}"
EndProject
Project("{8BC9CEB8-8B4A-11D0-8D11-00A0C91BC942}") = "OGL_02_CreateSquare", "OGL_02_CreateSquare\OGL_02_CreateSquare.vcxproj", "{FBF08B24-2740-43D3-8662-AD8F9EC2A695}"
EndProject
Project("{8BC9CEB8-8B4A-11D0-8D11-00A0C91BC942}") = "OGL_03_Shader", "OGL_03_Shader\OGL_03_Shader.vcxproj", "{A3DD7C80-9037-4028-97B8-5D9ADF4EDB12}"
EndProject
Project("{8BC9CEB8-8B4A-11D0-8D11-00A0C91BC942}") = "OGL_04_Texture", "OGL_04_Texture\OGL_04_Texture.vcxproj", "{7A17C386-A775-4C9F-AE26-BD6E15CCFECB}"
EndProject
Project("{8BC9CEB8-8B4A-11D0-8D11-00A0C91BC942}") = "OGL_04_Texture_TwoTexUnit", "OGL_04_Texture_TwoTexUnit\OGL_04_Texture_TwoTexUnit.vcxproj", "{39471AFA-C7C0-4D78-A41D-481BB5A6CD7A}"
EndProject
Project("{8BC9CEB8-8B4A-11D0-8D11-00A0C91BC942}") = "OGL_05_Transformation", "OGL_05_Transformation\OGL_05_Transformation.vcxproj", "{09371E84-408A-467F-9519-F0996AC57D15}"
EndProject
Project("{8BC9CEB8-8B4A-11D0-8D11-00A0C91BC942}") = "OGL_06_CoordSystem", "OGL_06_CoordSystem\OGL_06_CoordSystem.vcxproj", "{B21B03EA-5126-483F-AB44-A5ABDE69B29E}"
EndProject
Project("{8BC9CEB8-8B4A-11D0-8D11-00A0C91BC942}") = "OGL_06_CoordSystemTenCube", "OGL_06_CoordSystemTenCube\OGL_06_CoordSystemTenCube.vcxproj", "{CDA4AD34-CEFD-450E-ACFF-DD5471AF4FDF}"
EndProject
Project("{8BC9CEB8-8B4A-11D0-8D11-00A0C91BC942}") = "OGL_07_Camera", "OGL_07_Camera\OGL_07_Camera.vcxproj", "{E80BC102-93A3-4FB4-B2C8-2C49263A59CD}"
EndProject
Project("{8BC9CEB8-8B4A-11D0-8D11-00A0C91BC942}") = "OGL_07_CameraMoveByKeyboard", "OGL_07_CameraMoveByKeyboard\OGL_07_CameraMoveByKeyboard.vcxproj", "{57983D04-9418-4BD9-ADE2-86F0647FC82E}"
EndProject
Project("{8BC9CEB8-8B4A-11D0-8D11-00A0C91BC942}") = "OGL_07_CameraEulerAngle", "OGL_07_CameraEulerAngle\OGL_07_CameraEulerAngle.vcxproj", "{D127EE44-58AB-403D-8AE4-94D24FBD31B4}"
EndProject
Project("{8BC9CEB8-8B4A-11D0-8D11-00A0C91BC942}") = "OGL_08_Color", "OGL_08_Color\OGL_08_Color.vcxproj", "{342C6DD5-2823-4273-BE77-638AFC93253D}"
EndProject
Project("{8BC9CEB8-8B4A-11D0-8D11-00A0C91BC942}") = "OGL_09_BasicLighting", "OGL_09_BasicLighting\OGL_09_BasicLighting.vcxproj", "{A2B3A508-A937-47FF-B894-2D04CF40843C}"
EndProject
Project("{8BC9CEB8-8B4A-11D0-8D11-00A0C91BC942}") = "OGL_10_Matreial", "OGL_10_Matreial\OGL_10_Matreial.vcxproj", "{C53C2A95-E8F9-4FD2-8C8B-A1A7177FA228}"
EndProject
Project("{8BC9CEB8-8B4A-11D0-8D11-00A0C91BC942}") = "OGL_11_LightingMap", "OGL_11_LightingMap\OGL_11_LightingMap.vcxproj", "{3BE9B539-1BB7-4F7E-BD07-B048BAAD9079}"
EndProject
Project("{8BC9CEB8-8B4A-11D0-8D11-00A0C91BC942}") = "OGL_12_LightCast_DirectionalLight", "OGL_12_LightCast_DirectionalLight\OGL_12_LightCast_DirectionalLight.vcxproj", "{AB1AEA5F-9905-49D4-8330-D978D7285DAE}"
EndProject
Project("{8BC9CEB8-8B4A-11D0-8D11-00A0C91BC942}") = "OGL_12_LightCast_PointLight", "OGL_12_LightCast_PointLight\OGL_12_LightCast_PointLight.vcxproj", "{C4DED409-9D32-4A92-A060-91B6A43A7650}"
EndProject
Project("{8BC9CEB8-8B4A-11D0-8D11-00A0C91BC942}") = "OGL_12_LightCast_SpotLight", "OGL_12_LightCast_SpotLight\OGL_12_LightCast_SpotLight.vcxproj", "{0AE200FE-FB10-4860-8314-50FE291CDED0}"
EndProject
Project("{8BC9CEB8-8B4A-11D0-8D11-00A0C91BC942}") = "OGL_13_ MultipleLight", "OGL_13_ MultipleLight\OGL_13_ MultipleLight.vcxproj", "{88242412-FB53-43EE-AC34-A5179A0F336A}"
EndProject
Project("{8BC9CEB8-8B4A-11D0-8D11-00A0C91BC942}") = "OGL_14_ImportModel", "OGL_14_ImportModel\OGL_14_ImportModel.vcxproj", "{083137DF-CA26-4371-AFFB-6D51EAEE12C8}"
EndProject
Project("{8BC9CEB8-8B4A-11D0-8D11-00A0C91BC942}") = "OGL_15_DepthTest", "OGL_15_DepthTest\OGL_15_DepthTest.vcxproj", "{2F95FF13-8832-4386-AF3F-9080D04163F8}"
EndProject
Project("{8BC9CEB8-8B4A-11D0-8D11-00A0C91BC942}") = "OGL_15_DepthTestView", "OGL_15_DepthTestView\OGL_15_DepthTestView.vcxproj", "{19D73559-3841-4E28-B847-88DC52B91D1D}"
EndProject
Project("{8BC9CEB8-8B4A-11D0-8D11-00A0C91BC942}") = "OGL_16_StencilTest", "OGL_16_StencilTest\OGL_16_StencilTest.vcxproj", "{D18A6A23-03F9-4668-AC86-6E4030F00712}"
EndProject
Project("{8BC9CEB8-8B4A-11D0-8D11-00A0C91BC942}") = "OGL_17_BlendDiscard", "OGL_17_BlendDiscard\OGL_17_BlendDiscard.vcxproj", "{008A0348-FC45-423A-BA48-73C748E35AE6}"
EndProject
Project("{8BC9CEB8-8B4A-11D0-8D11-00A0C91BC942}") = "OGL_17_BlendSort", "OGL_17_BlendSort\OGL_17_BlendSort.vcxproj", "{A778602F-B83C-405E-8F52-ACCAAF5801A0}"
EndProject
Project("{8BC9CEB8-8B4A-11D0-8D11-00A0C91BC942}") = "OGL_17_BlendUnSort", "OGL_17_BlendUnSort\OGL_17_BlendUnSort.vcxproj", "{2CAF6A79-C429-499F-9390-67FD64556C0D}"
EndProject
Project("{8BC9CEB8-8B4A-11D0-8D11-00A0C91BC942}") = "OGL_18_FaceCulling", "OGL_18_FaceCulling\OGL_18_FaceCulling.vcxproj", "{F30BC554-E2CA-4D43-8029-09914EBB5BF2}"
EndProject
Project("{8BC9CEB8-8B4A-11D0-8D11-00A0C91BC942}") = "OGL_19_FrameBuffer", "OGL_19_FrameBuffer\OGL_19_FrameBuffer.vcxproj", "{7F5F1A82-D501-4616-869F-7D7271AE5630}"
EndProject
Project("{8BC9CEB8-8B4A-11D0-8D11-00A0C91BC942}") = "OGL_19_FrameBufferInversion", "OGL_19_FrameBufferInversion\OGL_19_FrameBufferInversion.vcxproj", "{E1B51B0A-8109-4860-BD03-7FF7F919472E}"
EndProject
Project("{8BC9CEB8-8B4A-11D0-8D11-00A0C91BC942}") = "OGL_19_FrameBufferGrayscale", "OGL_19_FrameBufferGrayscale\OGL_19_FrameBufferGrayscale.vcxproj", "{8B1928A7-0433-4939-AA54-0CABF179B9E6}"
EndProject
Project("{8BC9CEB8-8B4A-11D0-8D11-00A0C91BC942}") = "OGL_19_FrameBufferConvolutionMatrix", "OGL_19_FrameBufferConvolutionMatrix\OGL_19_FrameBufferConvolutionMatrix.vcxproj", "{3A78EC2C-85EC-4FA5-B44C-75BF4CEB5DFB}"
EndProject
Project("{8BC9CEB8-8B4A-11D0-8D11-00A0C91BC942}") = "OGL_19_FrameBufferBlur", "OGL_19_FrameBufferBlur\OGL_19_FrameBufferBlur.vcxproj", "{90CD0D35-2786-41B5-80B2-8B71BCF44858}"
EndProject
Project("{8BC9CEB8-8B4A-11D0-8D11-00A0C91BC942}") = "OGL_19_FrameBufferEdgeDetection", "OGL_19_FrameBufferEdgeDetection\OGL_19_FrameBufferEdgeDetection.vcxproj", "{220A31DE-EF6E-490A-A5DB-DF05EFBD4F36}"
EndProject
Project("{8BC9CEB8-8B4A-11D0-8D11-00A0C91BC942}") = "OGL_20_Cubemap", "OGL_20_Cubemap\OGL_20_Cubemap.vcxproj", "{0D78E7F2-7F83-4062-B555-0C5A729B09E8}"
EndProject
Project("{8BC9CEB8-8B4A-11D0-8D11-00A0C91BC942}") = "OGL_20_CubemapReflection", "OGL_20_CubemapReflection\OGL_20_CubemapReflection.vcxproj", "{7937E66F-666E-45D0-A0A9-6EBE770A2867}"
EndProject
Project("{8BC9CEB8-8B4A-11D0-8D11-00A0C91BC942}") = "OGL_20_CubemapRefraction", "OGL_20_CubemapRefraction\OGL_20_CubemapRefraction.vcxproj", "{E034CD6B-3457-4096-8128-4BCCC5A6E92D}"
EndProject
Project("{8BC9CEB8-8B4A-11D0-8D11-00A0C91BC942}") = "OGL_20_CubemapReflectionMapPractice", "OGL_20_CubemapReflectionMapPractice\OGL_20_CubemapReflectionMapPractice.vcxproj", "{42EC0F8E-4FF3-4163-AA22-3736A52615B2}"
EndProject
Project("{8BC9CEB8-8B4A-11D0-8D11-00A0C91BC942}") = "OGL_21_AdvancedGLSL", "OGL_21_AdvancedGLSL\OGL_21_AdvancedGLSL.vcxproj", "{3928B9D8-A9BC-4995-B704-5FC10AE4F19D}"
EndProject
Project("{8BC9CEB8-8B4A-11D0-8D11-00A0C91BC942}") = "OGL_21_AdvancedGLSLUniformBuffer", "OGL_21_AdvancedGLSLUniformBuffer\OGL_21_AdvancedGLSLUniformBuffer.vcxproj", "{54A0DFE7-F9DD-4FA9-970A-7C3108E9D771}"
EndProject
Project("{8BC9CEB8-8B4A-11D0-8D11-00A0C91BC942}") = "OGL_22_GeometryShaderDemo1", "OGL_22_GeometryShaderDemo1\OGL_22_GeometryShaderDemo1.vcxproj", "{44F6B881-9C3E-4CB5-8929-72D07548FC70}"
EndProject
Project("{8BC9CEB8-8B4A-11D0-8D11-00A0C91BC942}") = "OGL_22_GeometryShaderFourHouse", "OGL_22_GeometryShaderFourHouse\OGL_22_GeometryShaderFourHouse.vcxproj", "{E457B18A-8A0D-4DDC-BB06-1D1A3936256E}"
EndProject
Project("{8BC9CEB8-8B4A-11D0-8D11-00A0C91BC942}") = "OGL_22_GeometryShaderExplodingObject", "OGL_22_GeometryShaderExplodingObject\OGL_22_GeometryShaderExplodingObject.vcxproj", "{44D0CE8D-9453-4500-8743-EB913D979035}"
EndProject
Global
	GlobalSection(SolutionConfigurationPlatforms) = preSolution
		Debug|x64 = Debug|x64
		Debug|x86 = Debug|x86
		Release|x64 = Release|x64
		Release|x86 = Release|x86
	EndGlobalSection
	GlobalSection(ProjectConfigurationPlatforms) = postSolution
		{43FE15FE-6379-4CDA-A721-439E5B7831E3}.Debug|x64.ActiveCfg = Debug|x64
		{43FE15FE-6379-4CDA-A721-439E5B7831E3}.Debug|x64.Build.0 = Debug|x64
		{43FE15FE-6379-4CDA-A721-439E5B7831E3}.Debug|x86.ActiveCfg = Debug|Win32
		{43FE15FE-6379-4CDA-A721-439E5B7831E3}.Debug|x86.Build.0 = Debug|Win32
		{43FE15FE-6379-4CDA-A721-439E5B7831E3}.Release|x64.ActiveCfg = Release|x64
		{43FE15FE-6379-4CDA-A721-439E5B7831E3}.Release|x64.Build.0 = Release|x64
		{43FE15FE-6379-4CDA-A721-439E5B7831E3}.Release|x86.ActiveCfg = Release|Win32
		{43FE15FE-6379-4CDA-A721-439E5B7831E3}.Release|x86.Build.0 = Release|Win32
		{F2D5272E-2A13-4DFC-AA30-3278D36A4400}.Debug|x64.ActiveCfg = Debug|x64
		{F2D5272E-2A13-4DFC-AA30-3278D36A4400}.Debug|x64.Build.0 = Debug|x64
		{F2D5272E-2A13-4DFC-AA30-3278D36A4400}.Debug|x86.ActiveCfg = Debug|Win32
		{F2D5272E-2A13-4DFC-AA30-3278D36A4400}.Debug|x86.Build.0 = Debug|Win32
		{F2D5272E-2A13-4DFC-AA30-3278D36A4400}.Release|x64.ActiveCfg = Release|x64
		{F2D5272E-2A13-4DFC-AA30-3278D36A4400}.Release|x64.Build.0 = Release|x64
		{F2D5272E-2A13-4DFC-AA30-3278D36A4400}.Release|x86.ActiveCfg = Release|Win32
		{F2D5272E-2A13-4DFC-AA30-3278D36A4400}.Release|x86.Build.0 = Release|Win32
		{FBF08B24-2740-43D3-8662-AD8F9EC2A695}.Debug|x64.ActiveCfg = Debug|x64
		{FBF08B24-2740-43D3-8662-AD8F9EC2A695}.Debug|x64.Build.0 = Debug|x64
		{FBF08B24-2740-43D3-8662-AD8F9EC2A695}.Debug|x86.ActiveCfg = Debug|Win32
		{FBF08B24-2740-43D3-8662-AD8F9EC2A695}.Debug|x86.Build.0 = Debug|Win32
		{FBF08B24-2740-43D3-8662-AD8F9EC2A695}.Release|x64.ActiveCfg = Release|x64
		{FBF08B24-2740-43D3-8662-AD8F9EC2A695}.Release|x64.Build.0 = Release|x64
		{FBF08B24-2740-43D3-8662-AD8F9EC2A695}.Release|x86.ActiveCfg = Release|Win32
		{FBF08B24-2740-43D3-8662-AD8F9EC2A695}.Release|x86.Build.0 = Release|Win32
		{A3DD7C80-9037-4028-97B8-5D9ADF4EDB12}.Debug|x64.ActiveCfg = Debug|x64
		{A3DD7C80-9037-4028-97B8-5D9ADF4EDB12}.Debug|x64.Build.0 = Debug|x64
		{A3DD7C80-9037-4028-97B8-5D9ADF4EDB12}.Debug|x86.ActiveCfg = Debug|Win32
		{A3DD7C80-9037-4028-97B8-5D9ADF4EDB12}.Debug|x86.Build.0 = Debug|Win32
		{A3DD7C80-9037-4028-97B8-5D9ADF4EDB12}.Release|x64.ActiveCfg = Release|x64
		{A3DD7C80-9037-4028-97B8-5D9ADF4EDB12}.Release|x64.Build.0 = Release|x64
		{A3DD7C80-9037-4028-97B8-5D9ADF4EDB12}.Release|x86.ActiveCfg = Release|Win32
		{A3DD7C80-9037-4028-97B8-5D9ADF4EDB12}.Release|x86.Build.0 = Release|Win32
		{7A17C386-A775-4C9F-AE26-BD6E15CCFECB}.Debug|x64.ActiveCfg = Debug|x64
		{7A17C386-A775-4C9F-AE26-BD6E15CCFECB}.Debug|x64.Build.0 = Debug|x64
		{7A17C386-A775-4C9F-AE26-BD6E15CCFECB}.Debug|x86.ActiveCfg = Debug|Win32
		{7A17C386-A775-4C9F-AE26-BD6E15CCFECB}.Debug|x86.Build.0 = Debug|Win32
		{7A17C386-A775-4C9F-AE26-BD6E15CCFECB}.Release|x64.ActiveCfg = Release|x64
		{7A17C386-A775-4C9F-AE26-BD6E15CCFECB}.Release|x64.Build.0 = Release|x64
		{7A17C386-A775-4C9F-AE26-BD6E15CCFECB}.Release|x86.ActiveCfg = Release|Win32
		{7A17C386-A775-4C9F-AE26-BD6E15CCFECB}.Release|x86.Build.0 = Release|Win32
		{39471AFA-C7C0-4D78-A41D-481BB5A6CD7A}.Debug|x64.ActiveCfg = Debug|x64
		{39471AFA-C7C0-4D78-A41D-481BB5A6CD7A}.Debug|x64.Build.0 = Debug|x64
		{39471AFA-C7C0-4D78-A41D-481BB5A6CD7A}.Debug|x86.ActiveCfg = Debug|Win32
		{39471AFA-C7C0-4D78-A41D-481BB5A6CD7A}.Debug|x86.Build.0 = Debug|Win32
		{39471AFA-C7C0-4D78-A41D-481BB5A6CD7A}.Release|x64.ActiveCfg = Release|x64
		{39471AFA-C7C0-4D78-A41D-481BB5A6CD7A}.Release|x64.Build.0 = Release|x64
		{39471AFA-C7C0-4D78-A41D-481BB5A6CD7A}.Release|x86.ActiveCfg = Release|Win32
		{39471AFA-C7C0-4D78-A41D-481BB5A6CD7A}.Release|x86.Build.0 = Release|Win32
		{09371E84-408A-467F-9519-F0996AC57D15}.Debug|x64.ActiveCfg = Debug|x64
		{09371E84-408A-467F-9519-F0996AC57D15}.Debug|x64.Build.0 = Debug|x64
		{09371E84-408A-467F-9519-F0996AC57D15}.Debug|x86.ActiveCfg = Debug|Win32
		{09371E84-408A-467F-9519-F0996AC57D15}.Debug|x86.Build.0 = Debug|Win32
		{09371E84-408A-467F-9519-F0996AC57D15}.Release|x64.ActiveCfg = Release|x64
		{09371E84-408A-467F-9519-F0996AC57D15}.Release|x64.Build.0 = Release|x64
		{09371E84-408A-467F-9519-F0996AC57D15}.Release|x86.ActiveCfg = Release|Win32
		{09371E84-408A-467F-9519-F0996AC57D15}.Release|x86.Build.0 = Release|Win32
		{B21B03EA-5126-483F-AB44-A5ABDE69B29E}.Debug|x64.ActiveCfg = Debug|x64
		{B21B03EA-5126-483F-AB44-A5ABDE69B29E}.Debug|x64.Build.0 = Debug|x64
		{B21B03EA-5126-483F-AB44-A5ABDE69B29E}.Debug|x86.ActiveCfg = Debug|Win32
		{B21B03EA-5126-483F-AB44-A5ABDE69B29E}.Debug|x86.Build.0 = Debug|Win32
		{B21B03EA-5126-483F-AB44-A5ABDE69B29E}.Release|x64.ActiveCfg = Release|x64
		{B21B03EA-5126-483F-AB44-A5ABDE69B29E}.Release|x64.Build.0 = Release|x64
		{B21B03EA-5126-483F-AB44-A5ABDE69B29E}.Release|x86.ActiveCfg = Release|Win32
		{B21B03EA-5126-483F-AB44-A5ABDE69B29E}.Release|x86.Build.0 = Release|Win32
		{CDA4AD34-CEFD-450E-ACFF-DD5471AF4FDF}.Debug|x64.ActiveCfg = Debug|x64
		{CDA4AD34-CEFD-450E-ACFF-DD5471AF4FDF}.Debug|x64.Build.0 = Debug|x64
		{CDA4AD34-CEFD-450E-ACFF-DD5471AF4FDF}.Debug|x86.ActiveCfg = Debug|Win32
		{CDA4AD34-CEFD-450E-ACFF-DD5471AF4FDF}.Debug|x86.Build.0 = Debug|Win32
		{CDA4AD34-CEFD-450E-ACFF-DD5471AF4FDF}.Release|x64.ActiveCfg = Release|x64
		{CDA4AD34-CEFD-450E-ACFF-DD5471AF4FDF}.Release|x64.Build.0 = Release|x64
		{CDA4AD34-CEFD-450E-ACFF-DD5471AF4FDF}.Release|x86.ActiveCfg = Release|Win32
		{CDA4AD34-CEFD-450E-ACFF-DD5471AF4FDF}.Release|x86.Build.0 = Release|Win32
		{E80BC102-93A3-4FB4-B2C8-2C49263A59CD}.Debug|x64.ActiveCfg = Debug|x64
		{E80BC102-93A3-4FB4-B2C8-2C49263A59CD}.Debug|x64.Build.0 = Debug|x64
		{E80BC102-93A3-4FB4-B2C8-2C49263A59CD}.Debug|x86.ActiveCfg = Debug|Win32
		{E80BC102-93A3-4FB4-B2C8-2C49263A59CD}.Debug|x86.Build.0 = Debug|Win32
		{E80BC102-93A3-4FB4-B2C8-2C49263A59CD}.Release|x64.ActiveCfg = Release|x64
		{E80BC102-93A3-4FB4-B2C8-2C49263A59CD}.Release|x64.Build.0 = Release|x64
		{E80BC102-93A3-4FB4-B2C8-2C49263A59CD}.Release|x86.ActiveCfg = Release|Win32
		{E80BC102-93A3-4FB4-B2C8-2C49263A59CD}.Release|x86.Build.0 = Release|Win32
		{57983D04-9418-4BD9-ADE2-86F0647FC82E}.Debug|x64.ActiveCfg = Debug|x64
		{57983D04-9418-4BD9-ADE2-86F0647FC82E}.Debug|x64.Build.0 = Debug|x64
		{57983D04-9418-4BD9-ADE2-86F0647FC82E}.Debug|x86.ActiveCfg = Debug|Win32
		{57983D04-9418-4BD9-ADE2-86F0647FC82E}.Debug|x86.Build.0 = Debug|Win32
		{57983D04-9418-4BD9-ADE2-86F0647FC82E}.Release|x64.ActiveCfg = Release|x64
		{57983D04-9418-4BD9-ADE2-86F0647FC82E}.Release|x64.Build.0 = Release|x64
		{57983D04-9418-4BD9-ADE2-86F0647FC82E}.Release|x86.ActiveCfg = Release|Win32
		{57983D04-9418-4BD9-ADE2-86F0647FC82E}.Release|x86.Build.0 = Release|Win32
		{D127EE44-58AB-403D-8AE4-94D24FBD31B4}.Debug|x64.ActiveCfg = Debug|x64
		{D127EE44-58AB-403D-8AE4-94D24FBD31B4}.Debug|x64.Build.0 = Debug|x64
		{D127EE44-58AB-403D-8AE4-94D24FBD31B4}.Debug|x86.ActiveCfg = Debug|Win32
		{D127EE44-58AB-403D-8AE4-94D24FBD31B4}.Debug|x86.Build.0 = Debug|Win32
		{D127EE44-58AB-403D-8AE4-94D24FBD31B4}.Release|x64.ActiveCfg = Release|x64
		{D127EE44-58AB-403D-8AE4-94D24FBD31B4}.Release|x64.Build.0 = Release|x64
		{D127EE44-58AB-403D-8AE4-94D24FBD31B4}.Release|x86.ActiveCfg = Release|Win32
		{D127EE44-58AB-403D-8AE4-94D24FBD31B4}.Release|x86.Build.0 = Release|Win32
		{342C6DD5-2823-4273-BE77-638AFC93253D}.Debug|x64.ActiveCfg = Debug|x64
		{342C6DD5-2823-4273-BE77-638AFC93253D}.Debug|x64.Build.0 = Debug|x64
		{342C6DD5-2823-4273-BE77-638AFC93253D}.Debug|x86.ActiveCfg = Debug|Win32
		{342C6DD5-2823-4273-BE77-638AFC93253D}.Debug|x86.Build.0 = Debug|Win32
		{342C6DD5-2823-4273-BE77-638AFC93253D}.Release|x64.ActiveCfg = Release|x64
		{342C6DD5-2823-4273-BE77-638AFC93253D}.Release|x64.Build.0 = Release|x64
		{342C6DD5-2823-4273-BE77-638AFC93253D}.Release|x86.ActiveCfg = Release|Win32
		{342C6DD5-2823-4273-BE77-638AFC93253D}.Release|x86.Build.0 = Release|Win32
		{A2B3A508-A937-47FF-B894-2D04CF40843C}.Debug|x64.ActiveCfg = Debug|x64
		{A2B3A508-A937-47FF-B894-2D04CF40843C}.Debug|x64.Build.0 = Debug|x64
		{A2B3A508-A937-47FF-B894-2D04CF40843C}.Debug|x86.ActiveCfg = Debug|Win32
		{A2B3A508-A937-47FF-B894-2D04CF40843C}.Debug|x86.Build.0 = Debug|Win32
		{A2B3A508-A937-47FF-B894-2D04CF40843C}.Release|x64.ActiveCfg = Release|x64
		{A2B3A508-A937-47FF-B894-2D04CF40843C}.Release|x64.Build.0 = Release|x64
		{A2B3A508-A937-47FF-B894-2D04CF40843C}.Release|x86.ActiveCfg = Release|Win32
		{A2B3A508-A937-47FF-B894-2D04CF40843C}.Release|x86.Build.0 = Release|Win32
		{C53C2A95-E8F9-4FD2-8C8B-A1A7177FA228}.Debug|x64.ActiveCfg = Debug|x64
		{C53C2A95-E8F9-4FD2-8C8B-A1A7177FA228}.Debug|x64.Build.0 = Debug|x64
		{C53C2A95-E8F9-4FD2-8C8B-A1A7177FA228}.Debug|x86.ActiveCfg = Debug|Win32
		{C53C2A95-E8F9-4FD2-8C8B-A1A7177FA228}.Debug|x86.Build.0 = Debug|Win32
		{C53C2A95-E8F9-4FD2-8C8B-A1A7177FA228}.Release|x64.ActiveCfg = Release|x64
		{C53C2A95-E8F9-4FD2-8C8B-A1A7177FA228}.Release|x64.Build.0 = Release|x64
		{C53C2A95-E8F9-4FD2-8C8B-A1A7177FA228}.Release|x86.ActiveCfg = Release|Win32
		{C53C2A95-E8F9-4FD2-8C8B-A1A7177FA228}.Release|x86.Build.0 = Release|Win32
		{3BE9B539-1BB7-4F7E-BD07-B048BAAD9079}.Debug|x64.ActiveCfg = Debug|x64
		{3BE9B539-1BB7-4F7E-BD07-B048BAAD9079}.Debug|x64.Build.0 = Debug|x64
		{3BE9B539-1BB7-4F7E-BD07-B048BAAD9079}.Debug|x86.ActiveCfg = Debug|Win32
		{3BE9B539-1BB7-4F7E-BD07-B048BAAD9079}.Debug|x86.Build.0 = Debug|Win32
		{3BE9B539-1BB7-4F7E-BD07-B048BAAD9079}.Release|x64.ActiveCfg = Release|x64
		{3BE9B539-1BB7-4F7E-BD07-B048BAAD9079}.Release|x64.Build.0 = Release|x64
		{3BE9B539-1BB7-4F7E-BD07-B048BAAD9079}.Release|x86.ActiveCfg = Release|Win32
		{3BE9B539-1BB7-4F7E-BD07-B048BAAD9079}.Release|x86.Build.0 = Release|Win32
		{AB1AEA5F-9905-49D4-8330-D978D7285DAE}.Debug|x64.ActiveCfg = Debug|x64
		{AB1AEA5F-9905-49D4-8330-D978D7285DAE}.Debug|x64.Build.0 = Debug|x64
		{AB1AEA5F-9905-49D4-8330-D978D7285DAE}.Debug|x86.ActiveCfg = Debug|Win32
		{AB1AEA5F-9905-49D4-8330-D978D7285DAE}.Debug|x86.Build.0 = Debug|Win32
		{AB1AEA5F-9905-49D4-8330-D978D7285DAE}.Release|x64.ActiveCfg = Release|x64
		{AB1AEA5F-9905-49D4-8330-D978D7285DAE}.Release|x64.Build.0 = Release|x64
		{AB1AEA5F-9905-49D4-8330-D978D7285DAE}.Release|x86.ActiveCfg = Release|Win32
		{AB1AEA5F-9905-49D4-8330-D978D7285DAE}.Release|x86.Build.0 = Release|Win32
		{C4DED409-9D32-4A92-A060-91B6A43A7650}.Debug|x64.ActiveCfg = Debug|x64
		{C4DED409-9D32-4A92-A060-91B6A43A7650}.Debug|x64.Build.0 = Debug|x64
		{C4DED409-9D32-4A92-A060-91B6A43A7650}.Debug|x86.ActiveCfg = Debug|Win32
		{C4DED409-9D32-4A92-A060-91B6A43A7650}.Debug|x86.Build.0 = Debug|Win32
		{C4DED409-9D32-4A92-A060-91B6A43A7650}.Release|x64.ActiveCfg = Release|x64
		{C4DED409-9D32-4A92-A060-91B6A43A7650}.Release|x64.Build.0 = Release|x64
		{C4DED409-9D32-4A92-A060-91B6A43A7650}.Release|x86.ActiveCfg = Release|Win32
		{C4DED409-9D32-4A92-A060-91B6A43A7650}.Release|x86.Build.0 = Release|Win32
		{0AE200FE-FB10-4860-8314-50FE291CDED0}.Debug|x64.ActiveCfg = Debug|x64
		{0AE200FE-FB10-4860-8314-50FE291CDED0}.Debug|x64.Build.0 = Debug|x64
		{0AE200FE-FB10-4860-8314-50FE291CDED0}.Debug|x86.ActiveCfg = Debug|Win32
		{0AE200FE-FB10-4860-8314-50FE291CDED0}.Debug|x86.Build.0 = Debug|Win32
		{0AE200FE-FB10-4860-8314-50FE291CDED0}.Release|x64.ActiveCfg = Release|x64
		{0AE200FE-FB10-4860-8314-50FE291CDED0}.Release|x64.Build.0 = Release|x64
		{0AE200FE-FB10-4860-8314-50FE291CDED0}.Release|x86.ActiveCfg = Release|Win32
		{0AE200FE-FB10-4860-8314-50FE291CDED0}.Release|x86.Build.0 = Release|Win32
		{88242412-FB53-43EE-AC34-A5179A0F336A}.Debug|x64.ActiveCfg = Debug|x64
		{88242412-FB53-43EE-AC34-A5179A0F336A}.Debug|x64.Build.0 = Debug|x64
		{88242412-FB53-43EE-AC34-A5179A0F336A}.Debug|x86.ActiveCfg = Debug|Win32
		{88242412-FB53-43EE-AC34-A5179A0F336A}.Debug|x86.Build.0 = Debug|Win32
		{88242412-FB53-43EE-AC34-A5179A0F336A}.Release|x64.ActiveCfg = Release|x64
		{88242412-FB53-43EE-AC34-A5179A0F336A}.Release|x64.Build.0 = Release|x64
		{88242412-FB53-43EE-AC34-A5179A0F336A}.Release|x86.ActiveCfg = Release|Win32
		{88242412-FB53-43EE-AC34-A5179A0F336A}.Release|x86.Build.0 = Release|Win32
		{083137DF-CA26-4371-AFFB-6D51EAEE12C8}.Debug|x64.ActiveCfg = Debug|x64
		{083137DF-CA26-4371-AFFB-6D51EAEE12C8}.Debug|x64.Build.0 = Debug|x64
		{083137DF-CA26-4371-AFFB-6D51EAEE12C8}.Debug|x86.ActiveCfg = Debug|Win32
		{083137DF-CA26-4371-AFFB-6D51EAEE12C8}.Debug|x86.Build.0 = Debug|Win32
		{083137DF-CA26-4371-AFFB-6D51EAEE12C8}.Release|x64.ActiveCfg = Release|x64
		{083137DF-CA26-4371-AFFB-6D51EAEE12C8}.Release|x64.Build.0 = Release|x64
		{083137DF-CA26-4371-AFFB-6D51EAEE12C8}.Release|x86.ActiveCfg = Release|Win32
		{083137DF-CA26-4371-AFFB-6D51EAEE12C8}.Release|x86.Build.0 = Release|Win32
		{2F95FF13-8832-4386-AF3F-9080D04163F8}.Debug|x64.ActiveCfg = Debug|x64
		{2F95FF13-8832-4386-AF3F-9080D04163F8}.Debug|x64.Build.0 = Debug|x64
		{2F95FF13-8832-4386-AF3F-9080D04163F8}.Debug|x86.ActiveCfg = Debug|Win32
		{2F95FF13-8832-4386-AF3F-9080D04163F8}.Debug|x86.Build.0 = Debug|Win32
		{2F95FF13-8832-4386-AF3F-9080D04163F8}.Release|x64.ActiveCfg = Release|x64
		{2F95FF13-8832-4386-AF3F-9080D04163F8}.Release|x64.Build.0 = Release|x64
		{2F95FF13-8832-4386-AF3F-9080D04163F8}.Release|x86.ActiveCfg = Release|Win32
		{2F95FF13-8832-4386-AF3F-9080D04163F8}.Release|x86.Build.0 = Release|Win32
		{19D73559-3841-4E28-B847-88DC52B91D1D}.Debug|x64.ActiveCfg = Debug|x64
		{19D73559-3841-4E28-B847-88DC52B91D1D}.Debug|x64.Build.0 = Debug|x64
		{19D73559-3841-4E28-B847-88DC52B91D1D}.Debug|x86.ActiveCfg = Debug|Win32
		{19D73559-3841-4E28-B847-88DC52B91D1D}.Debug|x86.Build.0 = Debug|Win32
		{19D73559-3841-4E28-B847-88DC52B91D1D}.Release|x64.ActiveCfg = Release|x64
		{19D73559-3841-4E28-B847-88DC52B91D1D}.Release|x64.Build.0 = Release|x64
		{19D73559-3841-4E28-B847-88DC52B91D1D}.Release|x86.ActiveCfg = Release|Win32
		{19D73559-3841-4E28-B847-88DC52B91D1D}.Release|x86.Build.0 = Release|Win32
		{D18A6A23-03F9-4668-AC86-6E4030F00712}.Debug|x64.ActiveCfg = Debug|x64
		{D18A6A23-03F9-4668-AC86-6E4030F00712}.Debug|x64.Build.0 = Debug|x64
		{D18A6A23-03F9-4668-AC86-6E4030F00712}.Debug|x86.ActiveCfg = Debug|Win32
		{D18A6A23-03F9-4668-AC86-6E4030F00712}.Debug|x86.Build.0 = Debug|Win32
		{D18A6A23-03F9-4668-AC86-6E4030F00712}.Release|x64.ActiveCfg = Release|x64
		{D18A6A23-03F9-4668-AC86-6E4030F00712}.Release|x64.Build.0 = Release|x64
		{D18A6A23-03F9-4668-AC86-6E4030F00712}.Release|x86.ActiveCfg = Release|Win32
		{D18A6A23-03F9-4668-AC86-6E4030F00712}.Release|x86.Build.0 = Release|Win32
		{008A0348-FC45-423A-BA48-73C748E35AE6}.Debug|x64.ActiveCfg = Debug|x64
		{008A0348-FC45-423A-BA48-73C748E35AE6}.Debug|x64.Build.0 = Debug|x64
		{008A0348-FC45-423A-BA48-73C748E35AE6}.Debug|x86.ActiveCfg = Debug|Win32
		{008A0348-FC45-423A-BA48-73C748E35AE6}.Debug|x86.Build.0 = Debug|Win32
		{008A0348-FC45-423A-BA48-73C748E35AE6}.Release|x64.ActiveCfg = Release|x64
		{008A0348-FC45-423A-BA48-73C748E35AE6}.Release|x64.Build.0 = Release|x64
		{008A0348-FC45-423A-BA48-73C748E35AE6}.Release|x86.ActiveCfg = Release|Win32
		{008A0348-FC45-423A-BA48-73C748E35AE6}.Release|x86.Build.0 = Release|Win32
		{A778602F-B83C-405E-8F52-ACCAAF5801A0}.Debug|x64.ActiveCfg = Debug|x64
		{A778602F-B83C-405E-8F52-ACCAAF5801A0}.Debug|x64.Build.0 = Debug|x64
		{A778602F-B83C-405E-8F52-ACCAAF5801A0}.Debug|x86.ActiveCfg = Debug|Win32
		{A778602F-B83C-405E-8F52-ACCAAF5801A0}.Debug|x86.Build.0 = Debug|Win32
		{A778602F-B83C-405E-8F52-ACCAAF5801A0}.Release|x64.ActiveCfg = Release|x64
		{A778602F-B83C-405E-8F52-ACCAAF5801A0}.Release|x64.Build.0 = Release|x64
		{A778602F-B83C-405E-8F52-ACCAAF5801A0}.Release|x86.ActiveCfg = Release|Win32
		{A778602F-B83C-405E-8F52-ACCAAF5801A0}.Release|x86.Build.0 = Release|Win32
		{2CAF6A79-C429-499F-9390-67FD64556C0D}.Debug|x64.ActiveCfg = Debug|x64
		{2CAF6A79-C429-499F-9390-67FD64556C0D}.Debug|x64.Build.0 = Debug|x64
		{2CAF6A79-C429-499F-9390-67FD64556C0D}.Debug|x86.ActiveCfg = Debug|Win32
		{2CAF6A79-C429-499F-9390-67FD64556C0D}.Debug|x86.Build.0 = Debug|Win32
		{2CAF6A79-C429-499F-9390-67FD64556C0D}.Release|x64.ActiveCfg = Release|x64
		{2CAF6A79-C429-499F-9390-67FD64556C0D}.Release|x64.Build.0 = Release|x64
		{2CAF6A79-C429-499F-9390-67FD64556C0D}.Release|x86.ActiveCfg = Release|Win32
		{2CAF6A79-C429-499F-9390-67FD64556C0D}.Release|x86.Build.0 = Release|Win32
		{F30BC554-E2CA-4D43-8029-09914EBB5BF2}.Debug|x64.ActiveCfg = Debug|x64
		{F30BC554-E2CA-4D43-8029-09914EBB5BF2}.Debug|x64.Build.0 = Debug|x64
		{F30BC554-E2CA-4D43-8029-09914EBB5BF2}.Debug|x86.ActiveCfg = Debug|Win32
		{F30BC554-E2CA-4D43-8029-09914EBB5BF2}.Debug|x86.Build.0 = Debug|Win32
		{F30BC554-E2CA-4D43-8029-09914EBB5BF2}.Release|x64.ActiveCfg = Release|x64
		{F30BC554-E2CA-4D43-8029-09914EBB5BF2}.Release|x64.Build.0 = Release|x64
		{F30BC554-E2CA-4D43-8029-09914EBB5BF2}.Release|x86.ActiveCfg = Release|Win32
		{F30BC554-E2CA-4D43-8029-09914EBB5BF2}.Release|x86.Build.0 = Release|Win32
		{7F5F1A82-D501-4616-869F-7D7271AE5630}.Debug|x64.ActiveCfg = Debug|x64
		{7F5F1A82-D501-4616-869F-7D7271AE5630}.Debug|x64.Build.0 = Debug|x64
		{7F5F1A82-D501-4616-869F-7D7271AE5630}.Debug|x86.ActiveCfg = Debug|Win32
		{7F5F1A82-D501-4616-869F-7D7271AE5630}.Debug|x86.Build.0 = Debug|Win32
		{7F5F1A82-D501-4616-869F-7D7271AE5630}.Release|x64.ActiveCfg = Release|x64
		{7F5F1A82-D501-4616-869F-7D7271AE5630}.Release|x64.Build.0 = Release|x64
		{7F5F1A82-D501-4616-869F-7D7271AE5630}.Release|x86.ActiveCfg = Release|Win32
		{7F5F1A82-D501-4616-869F-7D7271AE5630}.Release|x86.Build.0 = Release|Win32
		{E1B51B0A-8109-4860-BD03-7FF7F919472E}.Debug|x64.ActiveCfg = Debug|x64
		{E1B51B0A-8109-4860-BD03-7FF7F919472E}.Debug|x64.Build.0 = Debug|x64
		{E1B51B0A-8109-4860-BD03-7FF7F919472E}.Debug|x86.ActiveCfg = Debug|Win32
		{E1B51B0A-8109-4860-BD03-7FF7F919472E}.Debug|x86.Build.0 = Debug|Win32
		{E1B51B0A-8109-4860-BD03-7FF7F919472E}.Release|x64.ActiveCfg = Release|x64
		{E1B51B0A-8109-4860-BD03-7FF7F919472E}.Release|x64.Build.0 = Release|x64
		{E1B51B0A-8109-4860-BD03-7FF7F919472E}.Release|x86.ActiveCfg = Release|Win32
		{E1B51B0A-8109-4860-BD03-7FF7F919472E}.Release|x86.Build.0 = Release|Win32
		{8B1928A7-0433-4939-AA54-0CABF179B9E6}.Debug|x64.ActiveCfg = Debug|x64
		{8B1928A7-0433-4939-AA54-0CABF179B9E6}.Debug|x64.Build.0 = Debug|x64
		{8B1928A7-0433-4939-AA54-0CABF179B9E6}.Debug|x86.ActiveCfg = Debug|Win32
		{8B1928A7-0433-4939-AA54-0CABF179B9E6}.Debug|x86.Build.0 = Debug|Win32
		{8B1928A7-0433-4939-AA54-0CABF179B9E6}.Release|x64.ActiveCfg = Release|x64
		{8B1928A7-0433-4939-AA54-0CABF179B9E6}.Release|x64.Build.0 = Release|x64
		{8B1928A7-0433-4939-AA54-0CABF179B9E6}.Release|x86.ActiveCfg = Release|Win32
		{8B1928A7-0433-4939-AA54-0CABF179B9E6}.Release|x86.Build.0 = Release|Win32
		{3A78EC2C-85EC-4FA5-B44C-75BF4CEB5DFB}.Debug|x64.ActiveCfg = Debug|x64
		{3A78EC2C-85EC-4FA5-B44C-75BF4CEB5DFB}.Debug|x64.Build.0 = Debug|x64
		{3A78EC2C-85EC-4FA5-B44C-75BF4CEB5DFB}.Debug|x86.ActiveCfg = Debug|Win32
		{3A78EC2C-85EC-4FA5-B44C-75BF4CEB5DFB}.Debug|x86.Build.0 = Debug|Win32
		{3A78EC2C-85EC-4FA5-B44C-75BF4CEB5DFB}.Release|x64.ActiveCfg = Release|x64
		{3A78EC2C-85EC-4FA5-B44C-75BF4CEB5DFB}.Release|x64.Build.0 = Release|x64
		{3A78EC2C-85EC-4FA5-B44C-75BF4CEB5DFB}.Release|x86.ActiveCfg = Release|Win32
		{3A78EC2C-85EC-4FA5-B44C-75BF4CEB5DFB}.Release|x86.Build.0 = Release|Win32
		{90CD0D35-2786-41B5-80B2-8B71BCF44858}.Debug|x64.ActiveCfg = Debug|x64
		{90CD0D35-2786-41B5-80B2-8B71BCF44858}.Debug|x64.Build.0 = Debug|x64
		{90CD0D35-2786-41B5-80B2-8B71BCF44858}.Debug|x86.ActiveCfg = Debug|Win32
		{90CD0D35-2786-41B5-80B2-8B71BCF44858}.Debug|x86.Build.0 = Debug|Win32
		{90CD0D35-2786-41B5-80B2-8B71BCF44858}.Release|x64.ActiveCfg = Release|x64
		{90CD0D35-2786-41B5-80B2-8B71BCF44858}.Release|x64.Build.0 = Release|x64
		{90CD0D35-2786-41B5-80B2-8B71BCF44858}.Release|x86.ActiveCfg = Release|Win32
		{90CD0D35-2786-41B5-80B2-8B71BCF44858}.Release|x86.Build.0 = Release|Win32
		{220A31DE-EF6E-490A-A5DB-DF05EFBD4F36}.Debug|x64.ActiveCfg = Debug|x64
		{220A31DE-EF6E-490A-A5DB-DF05EFBD4F36}.Debug|x64.Build.0 = Debug|x64
		{220A31DE-EF6E-490A-A5DB-DF05EFBD4F36}.Debug|x86.ActiveCfg = Debug|Win32
		{220A31DE-EF6E-490A-A5DB-DF05EFBD4F36}.Debug|x86.Build.0 = Debug|Win32
		{220A31DE-EF6E-490A-A5DB-DF05EFBD4F36}.Release|x64.ActiveCfg = Release|x64
		{220A31DE-EF6E-490A-A5DB-DF05EFBD4F36}.Release|x64.Build.0 = Release|x64
		{220A31DE-EF6E-490A-A5DB-DF05EFBD4F36}.Release|x86.ActiveCfg = Release|Win32
		{220A31DE-EF6E-490A-A5DB-DF05EFBD4F36}.Release|x86.Build.0 = Release|Win32
		{0D78E7F2-7F83-4062-B555-0C5A729B09E8}.Debug|x64.ActiveCfg = Debug|x64
		{0D78E7F2-7F83-4062-B555-0C5A729B09E8}.Debug|x64.Build.0 = Debug|x64
		{0D78E7F2-7F83-4062-B555-0C5A729B09E8}.Debug|x86.ActiveCfg = Debug|Win32
		{0D78E7F2-7F83-4062-B555-0C5A729B09E8}.Debug|x86.Build.0 = Debug|Win32
		{0D78E7F2-7F83-4062-B555-0C5A729B09E8}.Release|x64.ActiveCfg = Release|x64
		{0D78E7F2-7F83-4062-B555-0C5A729B09E8}.Release|x64.Build.0 = Release|x64
		{0D78E7F2-7F83-4062-B555-0C5A729B09E8}.Release|x86.ActiveCfg = Release|Win32
		{0D78E7F2-7F83-4062-B555-0C5A729B09E8}.Release|x86.Build.0 = Release|Win32
		{7937E66F-666E-45D0-A0A9-6EBE770A2867}.Debug|x64.ActiveCfg = Debug|x64
		{7937E66F-666E-45D0-A0A9-6EBE770A2867}.Debug|x64.Build.0 = Debug|x64
		{7937E66F-666E-45D0-A0A9-6EBE770A2867}.Debug|x86.ActiveCfg = Debug|Win32
		{7937E66F-666E-45D0-A0A9-6EBE770A2867}.Debug|x86.Build.0 = Debug|Win32
		{7937E66F-666E-45D0-A0A9-6EBE770A2867}.Release|x64.ActiveCfg = Release|x64
		{7937E66F-666E-45D0-A0A9-6EBE770A2867}.Release|x64.Build.0 = Release|x64
		{7937E66F-666E-45D0-A0A9-6EBE770A2867}.Release|x86.ActiveCfg = Release|Win32
		{7937E66F-666E-45D0-A0A9-6EBE770A2867}.Release|x86.Build.0 = Release|Win32
		{E034CD6B-3457-4096-8128-4BCCC5A6E92D}.Debug|x64.ActiveCfg = Debug|x64
		{E034CD6B-3457-4096-8128-4BCCC5A6E92D}.Debug|x64.Build.0 = Debug|x64
		{E034CD6B-3457-4096-8128-4BCCC5A6E92D}.Debug|x86.ActiveCfg = Debug|Win32
		{E034CD6B-3457-4096-8128-4BCCC5A6E92D}.Debug|x86.Build.0 = Debug|Win32
		{E034CD6B-3457-4096-8128-4BCCC5A6E92D}.Release|x64.ActiveCfg = Release|x64
		{E034CD6B-3457-4096-8128-4BCCC5A6E92D}.Release|x64.Build.0 = Release|x64
		{E034CD6B-3457-4096-8128-4BCCC5A6E92D}.Release|x86.ActiveCfg = Release|Win32
		{E034CD6B-3457-4096-8128-4BCCC5A6E92D}.Release|x86.Build.0 = Release|Win32
		{42EC0F8E-4FF3-4163-AA22-3736A52615B2}.Debug|x64.ActiveCfg = Debug|x64
		{42EC0F8E-4FF3-4163-AA22-3736A52615B2}.Debug|x64.Build.0 = Debug|x64
		{42EC0F8E-4FF3-4163-AA22-3736A52615B2}.Debug|x86.ActiveCfg = Debug|Win32
		{42EC0F8E-4FF3-4163-AA22-3736A52615B2}.Debug|x86.Build.0 = Debug|Win32
		{42EC0F8E-4FF3-4163-AA22-3736A52615B2}.Release|x64.ActiveCfg = Release|x64
		{42EC0F8E-4FF3-4163-AA22-3736A52615B2}.Release|x64.Build.0 = Release|x64
		{42EC0F8E-4FF3-4163-AA22-3736A52615B2}.Release|x86.ActiveCfg = Release|Win32
		{42EC0F8E-4FF3-4163-AA22-3736A52615B2}.Release|x86.Build.0 = Release|Win32
		{3928B9D8-A9BC-4995-B704-5FC10AE4F19D}.Debug|x64.ActiveCfg = Debug|x64
		{3928B9D8-A9BC-4995-B704-5FC10AE4F19D}.Debug|x64.Build.0 = Debug|x64
		{3928B9D8-A9BC-4995-B704-5FC10AE4F19D}.Debug|x86.ActiveCfg = Debug|Win32
		{3928B9D8-A9BC-4995-B704-5FC10AE4F19D}.Debug|x86.Build.0 = Debug|Win32
		{3928B9D8-A9BC-4995-B704-5FC10AE4F19D}.Release|x64.ActiveCfg = Release|x64
		{3928B9D8-A9BC-4995-B704-5FC10AE4F19D}.Release|x64.Build.0 = Release|x64
		{3928B9D8-A9BC-4995-B704-5FC10AE4F19D}.Release|x86.ActiveCfg = Release|Win32
		{3928B9D8-A9BC-4995-B704-5FC10AE4F19D}.Release|x86.Build.0 = Release|Win32
		{54A0DFE7-F9DD-4FA9-970A-7C3108E9D771}.Debug|x64.ActiveCfg = Debug|x64
		{54A0DFE7-F9DD-4FA9-970A-7C3108E9D771}.Debug|x64.Build.0 = Debug|x64
		{54A0DFE7-F9DD-4FA9-970A-7C3108E9D771}.Debug|x86.ActiveCfg = Debug|Win32
		{54A0DFE7-F9DD-4FA9-970A-7C3108E9D771}.Debug|x86.Build.0 = Debug|Win32
		{54A0DFE7-F9DD-4FA9-970A-7C3108E9D771}.Release|x64.ActiveCfg = Release|x64
		{54A0DFE7-F9DD-4FA9-970A-7C3108E9D771}.Release|x64.Build.0 = Release|x64
		{54A0DFE7-F9DD-4FA9-970A-7C3108E9D771}.Release|x86.ActiveCfg = Release|Win32
		{54A0DFE7-F9DD-4FA9-970A-7C3108E9D771}.Release|x86.Build.0 = Release|Win32
		{44F6B881-9C3E-4CB5-8929-72D07548FC70}.Debug|x64.ActiveCfg = Debug|x64
		{44F6B881-9C3E-4CB5-8929-72D07548FC70}.Debug|x64.Build.0 = Debug|x64
		{44F6B881-9C3E-4CB5-8929-72D07548FC70}.Debug|x86.ActiveCfg = Debug|Win32
		{44F6B881-9C3E-4CB5-8929-72D07548FC70}.Debug|x86.Build.0 = Debug|Win32
		{44F6B881-9C3E-4CB5-8929-72D07548FC70}.Release|x64.ActiveCfg = Release|x64
		{44F6B881-9C3E-4CB5-8929-72D07548FC70}.Release|x64.Build.0 = Release|x64
		{44F6B881-9C3E-4CB5-8929-72D07548FC70}.Release|x86.ActiveCfg = Release|Win32
		{44F6B881-9C3E-4CB5-8929-72D07548FC70}.Release|x86.Build.0 = Release|Win32
		{E457B18A-8A0D-4DDC-BB06-1D1A3936256E}.Debug|x64.ActiveCfg = Debug|x64
		{E457B18A-8A0D-4DDC-BB06-1D1A3936256E}.Debug|x64.Build.0 = Debug|x64
		{E457B18A-8A0D-4DDC-BB06-1D1A3936256E}.Debug|x86.ActiveCfg = Debug|Win32
		{E457B18A-8A0D-4DDC-BB06-1D1A3936256E}.Debug|x86.Build.0 = Debug|Win32
		{E457B18A-8A0D-4DDC-BB06-1D1A3936256E}.Release|x64.ActiveCfg = Release|x64
		{E457B18A-8A0D-4DDC-BB06-1D1A3936256E}.Release|x64.Build.0 = Release|x64
		{E457B18A-8A0D-4DDC-BB06-1D1A3936256E}.Release|x86.ActiveCfg = Release|Win32
		{E457B18A-8A0D-4DDC-BB06-1D1A3936256E}.Release|x86.Build.0 = Release|Win32
		{44D0CE8D-9453-4500-8743-EB913D979035}.Debug|x64.ActiveCfg = Debug|x64
		{44D0CE8D-9453-4500-8743-EB913D979035}.Debug|x64.Build.0 = Debug|x64
		{44D0CE8D-9453-4500-8743-EB913D979035}.Debug|x86.ActiveCfg = Debug|Win32
		{44D0CE8D-9453-4500-8743-EB913D979035}.Debug|x86.Build.0 = Debug|Win32
		{44D0CE8D-9453-4500-8743-EB913D979035}.Release|x64.ActiveCfg = Release|x64
		{44D0CE8D-9453-4500-8743-EB913D979035}.Release|x64.Build.0 = Release|x64
		{44D0CE8D-9453-4500-8743-EB913D979035}.Release|x86.ActiveCfg = Release|Win32
		{44D0CE8D-9453-4500-8743-EB913D979035}.Release|x86.Build.0 = Release|Win32
	EndGlobalSection
	GlobalSection(SolutionProperties) = preSolution
		HideSolutionNode = FALSE
	EndGlobalSection
EndGlobal
