
Microsoft Visual Studio Solution File, Format Version 12.00
# Visual Studio 14
VisualStudioVersion = 14.0.25420.1
MinimumVisualStudioVersion = 10.0.40219.1
Project("{8BC9CEB8-8B4A-11D0-8D11-00A0C91BC942}") = "OGL_01_CreateWindow", "OGL_01_CreateWindow\OGL_01_CreateWindow.vcxproj", "{43FE15FE-6379-4CDA-A721-439E5B7831E3}"
EndProject
Project("{8BC9CEB8-8B4A-11D0-8D11-00A0C91BC942}") = "OGL_02_CreateTriangle", "OGL_02_CreateTriangle\OGL_02_CreateTriangle.vcxproj", "{F2D5272E-2A13-4DFC-AA30-3278D36A4400}"
EndProject
Project("{8BC9CEB8-8B4A-11D0-8D11-00A0C91BC942}") = "OGL_02_CreateSquare", "OGL_02_CreateSquare\OGL_02_CreateSquare.vcxproj", "{FBF08B24-2740-43D3-8662-AD8F9EC2A695}"
EndProject
Project("{8BC9CEB8-8B4A-11D0-8D11-00A0C91BC942}") = "OGL_03_Shader", "OGL_03_Shader\OGL_03_Shader.vcxproj", "{A3DD7C80-9037-4028-97B8-5D9ADF4EDB12}"
EndProject
Project("{8BC9CEB8-8B4A-11D0-8D11-00A0C91BC942}") = "OGL_04_Texture", "OGL_04_Texture\OGL_04_Texture.vcxproj", "{7A17C386-A775-4C9F-AE26-BD6E15CCFECB}"
EndProject
Project("{8BC9CEB8-8B4A-11D0-8D11-00A0C91BC942}") = "OGL_04_Texture_TwoTexUnit", "OGL_04_Texture_TwoTexUnit\OGL_04_Texture_TwoTexUnit.vcxproj", "{39471AFA-C7C0-4D78-A41D-481BB5A6CD7A}"
EndProject
Project("{8BC9CEB8-8B4A-11D0-8D11-00A0C91BC942}") = "OGL_05_Transformation", "OGL_05_Transformation\OGL_05_Transformation.vcxproj", "{09371E84-408A-467F-9519-F0996AC57D15}"
EndProject
Project("{8BC9CEB8-8B4A-11D0-8D11-00A0C91BC942}") = "OGL_06_CoordSystem", "OGL_06_CoordSystem\OGL_06_CoordSystem.vcxproj", "{B21B03EA-5126-483F-AB44-A5ABDE69B29E}"
EndProject
Project("{8BC9CEB8-8B4A-11D0-8D11-00A0C91BC942}") = "OGL_06_CoordSystemTenCube", "OGL_06_CoordSystemTenCube\OGL_06_CoordSystemTenCube.vcxproj", "{CDA4AD34-CEFD-450E-ACFF-DD5471AF4FDF}"
EndProject
Project("{8BC9CEB8-8B4A-11D0-8D11-00A0C91BC942}") = "OGL_07_Camera", "OGL_07_Camera\OGL_07_Camera.vcxproj", "{E80BC102-93A3-4FB4-B2C8-2C49263A59CD}"
EndProject
Project("{8BC9CEB8-8B4A-11D0-8D11-00A0C91BC942}") = "OGL_07_CameraMoveByKeyboard", "OGL_07_CameraMoveByKeyboard\OGL_07_CameraMoveByKeyboard.vcxproj", "{57983D04-9418-4BD9-ADE2-86F0647FC82E}"
EndProject
Project("{8BC9CEB8-8B4A-11D0-8D11-00A0C91BC942}") = "OGL_07_CameraEulerAngle", "OGL_07_CameraEulerAngle\OGL_07_CameraEulerAngle.vcxproj", "{D127EE44-58AB-403D-8AE4-94D24FBD31B4}"
EndProject
Project("{8BC9CEB8-8B4A-11D0-8D11-00A0C91BC942}") = "OGL_08_Color", "OGL_08_Color\OGL_08_Color.vcxproj", "{342C6DD5-2823-4273-BE77-638AFC93253D}"
EndProject
Project("{8BC9CEB8-8B4A-11D0-8D11-00A0C91BC942}") = "OGL_09_BasicLighting", "OGL_09_BasicLighting\OGL_09_BasicLighting.vcxproj", "{A2B3A508-A937-47FF-B894-2D04CF40843C}"
EndProject
Project("{8BC9CEB8-8B4A-11D0-8D11-00A0C91BC942}") = "OGL_10_Matreial", "OGL_10_Matreial\OGL_10_Matreial.vcxproj", "{C53C2A95-E8F9-4FD2-8C8B-A1A7177FA228}"
EndProject
Project("{8BC9CEB8-8B4A-11D0-8D11-00A0C91BC942}") = "OGL_11_LightingMap", "OGL_11_LightingMap\OGL_11_LightingMap.vcxproj", "{3BE9B539-1BB7-4F7E-BD07-B048BAAD9079}"
EndProject
Project("{8BC9CEB8-8B4A-11D0-8D11-00A0C91BC942}") = "OGL_12_LightCast_DirectionalLight", "OGL_12_LightCast_DirectionalLight\OGL_12_LightCast_DirectionalLight.vcxproj", "{AB1AEA5F-9905-49D4-8330-D978D7285DAE}"
EndProject
Project("{8BC9CEB8-8B4A-11D0-8D11-00A0C91BC942}") = "OGL_12_LightCast_PointLight", "OGL_12_LightCast_PointLight\OGL_12_LightCast_PointLight.vcxproj", "{C4DED409-9D32-4A92-A060-91B6A43A7650}"
EndProject
Project("{8BC9CEB8-8B4A-11D0-8D11-00A0C91BC942}") = "OGL_12_LightCast_SpotLight", "OGL_12_LightCast_SpotLight\OGL_12_LightCast_SpotLight.vcxproj", "{0AE200FE-FB10-4860-8314-50FE291CDED0}"
EndProject
Project("{8BC9CEB8-8B4A-11D0-8D11-00A0C91BC942}") = "OGL_13_ MultipleLight", "OGL_13_ MultipleLight\OGL_13_ MultipleLight.vcxproj", "{88242412-FB53-43EE-AC34-A5179A0F336A}"
EndProject
Project("{8BC9CEB8-8B4A-11D0-8D11-00A0C91BC942}") = "OGL_14_ImportModel", "OGL_14_ImportModel\OGL_14_ImportModel.vcxproj", "{083137DF-CA26-4371-AFFB-6D51EAEE12C8}"
EndProject
Project("{8BC9CEB8-8B4A-11D0-8D11-00A0C91BC942}") = "OGL_15_DepthTest", "OGL_15_DepthTest\OGL_15_DepthTest.vcxproj", "{2F95FF13-8832-4386-AF3F-9080D04163F8}"
EndProject
Project("{8BC9CEB8-8B4A-11D0-8D11-00A0C91BC942}") = "OGL_15_DepthTestView", "OGL_15_DepthTestView\OGL_15_DepthTestView.vcxproj", "{19D73559-3841-4E28-B847-88DC52B91D1D}"
EndProject
Project("{8BC9CEB8-8B4A-11D0-8D11-00A0C91BC942}") = "OGL_16_StencilTest", "OGL_16_StencilTest\OGL_16_StencilTest.vcxproj", "{D18A6A23-03F9-4668-AC86-6E4030F00712}"
EndProject
Project("{8BC9CEB8-8B4A-11D0-8D11-00A0C91BC942}") = "OGL_17_BlendDiscard", "OGL_17_BlendDiscard\OGL_17_BlendDiscard.vcxproj", "{008A0348-FC45-423A-BA48-73C748E35AE6}"
EndProject
Project("{8BC9CEB8-8B4A-11D0-8D11-00A0C91BC942}") = "OGL_17_BlendSort", "OGL_17_BlendSort\OGL_17_BlendSort.vcxproj", "{A778602F-B83C-405E-8F52-ACCAAF5801A0}"
EndProject
Project("{8BC9CEB8-8B4A-11D0-8D11-00A0C91BC942}") = "OGL_17_BlendUnSort", "OGL_17_BlendUnSort\OGL_17_BlendUnSort.vcxproj", "{2CAF6A79-C429-499F-9390-67FD64556C0D}"
EndProject
Project("{8BC9CEB8-8B4A-11D0-8D11-00A0C91BC942}") = "OGL_18_FaceCulling", "OGL_18_FaceCulling\OGL_18_FaceCulling.vcxproj", "{F30BC554-E2CA-4D43-8029-09914EBB5BF2}"
EndProject
Project("{8BC9CEB8-8B4A-11D0-8D11-00A0C91BC942}") = "OGL_19_FrameBuffer", "OGL_19_FrameBuffer\OGL_19_FrameBuffer.vcxproj", "{7F5F1A82-D501-4616-869F-7D7271AE5630}"
EndProject
Project("{8BC9CEB8-8B4A-11D0-8D11-00A0C91BC942}") = "OGL_19_FrameBufferInversion", "OGL_19_FrameBufferInversion\OGL_19_FrameBufferInversion.vcxproj", "{E1B51B0A-8109-4860-BD03-7FF7F919472E}"
EndProject
Project("{8BC9CEB8-8B4A-11D0-8D11-00A0C91BC942}") = "OGL_19_FrameBufferGrayscale", "OGL_19_FrameBufferGrayscale\OGL_19_FrameBufferGrayscale.vcxproj", "{8B1928A7-0433-4939-AA54-0CABF179B9E6}"
EndProject
Project("{8BC9CEB8-8B4A-11D0-8D11-00A0C91BC942}") = "OGL_19_FrameBufferConvolutionMatrix", "OGL_19_FrameBufferConvolutionMatrix\OGL_19_FrameBufferConvolutionMatrix.vcxproj", "{3A78EC2C-85EC-4FA5-B44C-75BF4CEB5DFB}"
EndProject
Project("{8BC9CEB8-8B4A-11D0-8D11-00A0C91BC942}") = "OGL_19_FrameBufferBlur", "OGL_19_FrameBufferBlur\OGL_19_FrameBufferBlur.vcxproj", "{90CD0D35-2786-41B5-80B2-8B71BCF44858}"
EndProject
Project("{8BC9CEB8-8B4A-11D0-8D11-00A0C91BC942}") = "OGL_19_FrameBufferEdgeDetection", "OGL_19_FrameBufferEdgeDetection\OGL_19_FrameBufferEdgeDetection.vcxproj", "{220A31DE-EF6E-490A-A5DB-DF05EFBD4F36}"
EndProject
Project("{8BC9CEB8-8B4A-11D0-8D11-00A0C91BC942}") = "OGL_20_Cubemap", "OGL_20_Cubemap\OGL_20_Cubemap.vcxproj", "{0D78E7F2-7F83-4062-B555-0C5A729B09E8}"
EndProject
Project("{8BC9CEB8-8B4A-11D0-8D11-00A0C91BC942}") = "OGL_20_CubemapReflection", "OGL_20_CubemapReflection\OGL_20_CubemapReflection.vcxproj", "{7937E66F-666E-45D0-A0A9-6EBE770A2867}"
EndProject
Project("{8BC9CEB8-8B4A-11D0-8D11-00A0C91BC942}") = "OGL_20_CubemapRefraction", "OGL_20_CubemapRefraction\OGL_20_CubemapRefraction.vcxproj", "{E034CD6B-3457-4096-8128-4BCCC5A6E92D}"
EndProject
Project("{8BC9CEB8-8B4A-11D0-8D11-00A0C91BC942}") = "OGL_20_CubemapReflectionMapPractice", "OGL_20_CubemapReflectionMapPractice\OGL_20_CubemapReflectionMapPractice.vcxproj", "{42EC0F8E-4FF3-4163-AA22-3736A52615B2}"
EndProject
Project("{8BC9CEB8-8B4A-11D0-8D11-00A0C91BC942}") = "OGL_21_AdvancedGLSL", "OGL_21_AdvancedGLSL\OGL_21_AdvancedGLSL.vcxproj", "{3928B9D8-A9BC-4995-B704-5FC10AE4F19D}"
EndProject
Project("{8BC9CEB8-8B4A-11D0-8D11-00A0C91BC942}") = "OGL_21_AdvancedGLSLUniformBuffer", "OGL_21_AdvancedGLSLUniformBuffer\OGL_21_AdvancedGLSLUniformBuffer.vcxproj", "{54A0DFE7-F9DD-4FA9-970A-7C3108E9D771}"
EndProject
Project("{8BC9CEB8-8B4A-11D0-8D11-00A0C91BC942}") = "OGL_22_GeometryShaderDemo1", "OGL_22_GeometryShaderDemo1\OGL_22_GeometryShaderDemo1.vcxproj", "{44F6B881-9C3E-4CB5-8929-72D07548FC70}"
EndProject
Project("{8BC9CEB8-8B4A-11D0-8D11-00A0C91BC942}") = "OGL_22_GeometryShaderFourHouse", "OGL_22_GeometryShaderFourHouse\OGL_22_GeometryShaderFourHouse.vcxproj", "{E457B18A-8A0D-4DDC-BB06-1D1A3936256E}"
EndProject
Project("{8BC9CEB8-8B4A-11D0-8D11-00A0C91BC942}") = "OGL_22_GeometryShaderExplodingObject", "OGL_22_GeometryShaderExplodingObject\OGL_22_GeometryShaderExplodingObject.vcxproj", "{44D0CE8D-9453-4500-8743-EB913D979035}"
EndProject
Project("{8BC9CEB8-8B4A-11D0-8D11-00A0C91BC942}") = "OGL_22_GeometryShaderVisualizingNormal", "OGL_22_GeometryShaderVisualizingNormal\OGL_22_GeometryShaderVisualizingNormal.vcxproj", "{CE6CDE1D-4E4B-4BB1-8970-331B5A1A5454}"
EndProject
Project("{8BC9CEB8-8B4A-11D0-8D11-00A0C91BC942}") = "OGL_23_Instancing", "OGL_23_Instancing\OGL_23_Instancing.vcxproj", "{DB7D36D6-65CD-4625-B41E-0B1D5484C271}"
EndProject
Project("{8BC9CEB8-8B4A-11D0-8D11-00A0C91BC942}") = "OGL_23_InstancedArray", "OGL_23_InstancedArray\OGL_23_InstancedArray.vcxproj", "{21FE4EF2-DE9C-42A6-9E9B-2220547E1499}"
EndProject
Project("{8BC9CEB8-8B4A-11D0-8D11-00A0C91BC942}") = "OGL_23_InstancedUnusedMakeAsteroidField", "OGL_23_InstancedUnusedMakeAsteroidField\OGL_23_InstancedUnusedMakeAsteroidField.vcxproj", "{1B74BA88-18FD-4C8A-A441-31309BE65F2C}"
EndProject
Project("{8BC9CEB8-8B4A-11D0-8D11-00A0C91BC942}") = "OGL_23_InstancedMakeAsteroidField", "OGL_23_InstancedMakeAsteroidField\OGL_23_InstancedMakeAsteroidField.vcxproj", "{0F9774DD-A589-4EDB-9B02-66311F243AF9}"
EndProject
Project("{8BC9CEB8-8B4A-11D0-8D11-00A0C91BC942}") = "OGL_24_AntiAliasing_MsaaAddFrameBufferAddPostProcessing", "OGL_24_AntiAliasing_MsaaAddFrameBufferAddPostProcessing\OGL_24_AntiAliasing_MsaaAddFrameBufferAddPostProcessing.vcxproj", "{F617A216-B18C-468B-9E5E-777616191753}"
EndProject
Project("{8BC9CEB8-8B4A-11D0-8D11-00A0C91BC942}") = "OGL_25_BlinnPhong", "OGL_25_BlinnPhong\OGL_25_BlinnPhong.vcxproj", "{C2EB420D-7C6C-4BDC-AA98-E838B88D19B1}"
EndProject
Project("{8BC9CEB8-8B4A-11D0-8D11-00A0C91BC942}") = "OGL_26_GammaCorrection", "OGL_26_GammaCorrection\OGL_26_GammaCorrection.vcxproj", "{53FD239F-9A00-4B7A-9106-8ABEAB76D131}"
EndProject
Project("{8BC9CEB8-8B4A-11D0-8D11-00A0C91BC942}") = "OGL_27_GenerateShadowMap", "OGL_27_GenerateShadowMap\OGL_27_GenerateShadowMap.vcxproj", "{100B738F-902B-4BE5-8AA7-E6C6AE1C71F2}"
EndProject
Project("{8BC9CEB8-8B4A-11D0-8D11-00A0C91BC942}") = "OGL_27_RenderingShadow", "OGL_27_RenderingShadow\OGL_27_RenderingShadow.vcxproj", "{30757BB0-913C-4A68-AF4B-003CE2870512}"
EndProject
Project("{8BC9CEB8-8B4A-11D0-8D11-00A0C91BC942}") = "OGL_27_RenderingShadowProgressive", "OGL_27_RenderingShadowProgressive\OGL_27_RenderingShadowProgressive.vcxproj", "{DB9B4541-566E-42F0-8C74-8543F8D2D83F}"
EndProject
Project("{8BC9CEB8-8B4A-11D0-8D11-00A0C91BC942}") = "OGL_28_PointShadow", "OGL_28_PointShadow\OGL_28_PointShadow.vcxproj", "{C5028CAF-A554-4773-BDF6-C9166CF1E927}"
EndProject
Project("{8BC9CEB8-8B4A-11D0-8D11-00A0C91BC942}") = "OGL_28_PointShadowProgressive", "OGL_28_PointShadowProgressive\OGL_28_PointShadowProgressive.vcxproj", "{70997458-4178-4E01-97EA-35A81BE8E7BF}"
EndProject
Project("{8BC9CEB8-8B4A-11D0-8D11-00A0C91BC942}") = "OGL_29_NormalMap", "OGL_29_NormalMap\OGL_29_NormalMap.vcxproj", "{118AC6D6-0F02-4462-A135-690D0AAAB15D}"
EndProject
Project("{8BC9CEB8-8B4A-11D0-8D11-00A0C91BC942}") = "OGL_30_ParallaxMap", "OGL_30_ParallaxMap\OGL_30_ParallaxMap.vcxproj", "{DF56729B-65AE-492B-9792-D7454D884357}"
EndProject
Project("{8BC9CEB8-8B4A-11D0-8D11-00A0C91BC942}") = "OGL_30_SteepParallaxMap", "OGL_30_SteepParallaxMap\OGL_30_SteepParallaxMap.vcxproj", "{3D579002-92D3-4315-B9C5-617C0DBD6634}"
EndProject
Project("{8BC9CEB8-8B4A-11D0-8D11-00A0C91BC942}") = "OGL_30_ParallaxOcclusionMap", "OGL_30_ParallaxOcclusionMap\OGL_30_ParallaxOcclusionMap.vcxproj", "{9676FA70-75B6-4A5D-953D-FB15219E7D85}"
EndProject
Project("{8BC9CEB8-8B4A-11D0-8D11-00A0C91BC942}") = "OGL_31_HighDynamicRange", "OGL_31_HighDynamicRange\OGL_31_HighDynamicRange.vcxproj", "{2BAB3444-5E3C-4BAA-950F-062147AF0377}"
EndProject
Project("{8BC9CEB8-8B4A-11D0-8D11-00A0C91BC942}") = "OGL_32_Bloom", "OGL_32_Bloom\OGL_32_Bloom.vcxproj", "{ED7720FA-3C78-406E-ADB4-00EEB76993BA}"
EndProject
Project("{8BC9CEB8-8B4A-11D0-8D11-00A0C91BC942}") = "OGL_33_DeferredShading", "OGL_33_DeferredShading\OGL_33_DeferredShading.vcxproj", "{300D36D7-9A85-4B74-A338-2E6D09C29374}"
EndProject
Global
	GlobalSection(SolutionConfigurationPlatforms) = preSolution
		Debug|x64 = Debug|x64
		Debug|x86 = Debug|x86
		Release|x64 = Release|x64
		Release|x86 = Release|x86
	EndGlobalSection
	GlobalSection(ProjectConfigurationPlatforms) = postSolution
		{43FE15FE-6379-4CDA-A721-439E5B7831E3}.Debug|x64.ActiveCfg = Debug|x64
		{43FE15FE-6379-4CDA-A721-439E5B7831E3}.Debug|x64.Build.0 = Debug|x64
		{43FE15FE-6379-4CDA-A721-439E5B7831E3}.Debug|x86.ActiveCfg = Debug|Win32
		{43FE15FE-6379-4CDA-A721-439E5B7831E3}.Debug|x86.Build.0 = Debug|Win32
		{43FE15FE-6379-4CDA-A721-439E5B7831E3}.Release|x64.ActiveCfg = Release|x64
		{43FE15FE-6379-4CDA-A721-439E5B7831E3}.Release|x64.Build.0 = Release|x64
		{43FE15FE-6379-4CDA-A721-439E5B7831E3}.Release|x86.ActiveCfg = Release|Win32
		{43FE15FE-6379-4CDA-A721-439E5B7831E3}.Release|x86.Build.0 = Release|Win32
		{F2D5272E-2A13-4DFC-AA30-3278D36A4400}.Debug|x64.ActiveCfg = Debug|x64
		{F2D5272E-2A13-4DFC-AA30-3278D36A4400}.Debug|x64.Build.0 = Debug|x64
		{F2D5272E-2A13-4DFC-AA30-3278D36A4400}.Debug|x86.ActiveCfg = Debug|Win32
		{F2D5272E-2A13-4DFC-AA30-3278D36A4400}.Debug|x86.Build.0 = Debug|Win32
		{F2D5272E-2A13-4DFC-AA30-3278D36A4400}.Release|x64.ActiveCfg = Release|x64
		{F2D5272E-2A13-4DFC-AA30-3278D36A4400}.Release|x64.Build.0 = Release|x64
		{F2D5272E-2A13-4DFC-AA30-3278D36A4400}.Release|x86.ActiveCfg = Release|Win32
		{F2D5272E-2A13-4DFC-AA30-3278D36A4400}.Release|x86.Build.0 = Release|Win32
		{FBF08B24-2740-43D3-8662-AD8F9EC2A695}.Debug|x64.ActiveCfg = Debug|x64
		{FBF08B24-2740-43D3-8662-AD8F9EC2A695}.Debug|x64.Build.0 = Debug|x64
		{FBF08B24-2740-43D3-8662-AD8F9EC2A695}.Debug|x86.ActiveCfg = Debug|Win32
		{FBF08B24-2740-43D3-8662-AD8F9EC2A695}.Debug|x86.Build.0 = Debug|Win32
		{FBF08B24-2740-43D3-8662-AD8F9EC2A695}.Release|x64.ActiveCfg = Release|x64
		{FBF08B24-2740-43D3-8662-AD8F9EC2A695}.Release|x64.Build.0 = Release|x64
		{FBF08B24-2740-43D3-8662-AD8F9EC2A695}.Release|x86.ActiveCfg = Release|Win32
		{FBF08B24-2740-43D3-8662-AD8F9EC2A695}.Release|x86.Build.0 = Release|Win32
		{A3DD7C80-9037-4028-97B8-5D9ADF4EDB12}.Debug|x64.ActiveCfg = Debug|x64
		{A3DD7C80-9037-4028-97B8-5D9ADF4EDB12}.Debug|x64.Build.0 = Debug|x64
		{A3DD7C80-9037-4028-97B8-5D9ADF4EDB12}.Debug|x86.ActiveCfg = Debug|Win32
		{A3DD7C80-9037-4028-97B8-5D9ADF4EDB12}.Debug|x86.Build.0 = Debug|Win32
		{A3DD7C80-9037-4028-97B8-5D9ADF4EDB12}.Release|x64.ActiveCfg = Release|x64
		{A3DD7C80-9037-4028-97B8-5D9ADF4EDB12}.Release|x64.Build.0 = Release|x64
		{A3DD7C80-9037-4028-97B8-5D9ADF4EDB12}.Release|x86.ActiveCfg = Release|Win32
		{A3DD7C80-9037-4028-97B8-5D9ADF4EDB12}.Release|x86.Build.0 = Release|Win32
		{7A17C386-A775-4C9F-AE26-BD6E15CCFECB}.Debug|x64.ActiveCfg = Debug|x64
		{7A17C386-A775-4C9F-AE26-BD6E15CCFECB}.Debug|x64.Build.0 = Debug|x64
		{7A17C386-A775-4C9F-AE26-BD6E15CCFECB}.Debug|x86.ActiveCfg = Debug|Win32
		{7A17C386-A775-4C9F-AE26-BD6E15CCFECB}.Debug|x86.Build.0 = Debug|Win32
		{7A17C386-A775-4C9F-AE26-BD6E15CCFECB}.Release|x64.ActiveCfg = Release|x64
		{7A17C386-A775-4C9F-AE26-BD6E15CCFECB}.Release|x64.Build.0 = Release|x64
		{7A17C386-A775-4C9F-AE26-BD6E15CCFECB}.Release|x86.ActiveCfg = Release|Win32
		{7A17C386-A775-4C9F-AE26-BD6E15CCFECB}.Release|x86.Build.0 = Release|Win32
		{39471AFA-C7C0-4D78-A41D-481BB5A6CD7A}.Debug|x64.ActiveCfg = Debug|x64
		{39471AFA-C7C0-4D78-A41D-481BB5A6CD7A}.Debug|x64.Build.0 = Debug|x64
		{39471AFA-C7C0-4D78-A41D-481BB5A6CD7A}.Debug|x86.ActiveCfg = Debug|Win32
		{39471AFA-C7C0-4D78-A41D-481BB5A6CD7A}.Debug|x86.Build.0 = Debug|Win32
		{39471AFA-C7C0-4D78-A41D-481BB5A6CD7A}.Release|x64.ActiveCfg = Release|x64
		{39471AFA-C7C0-4D78-A41D-481BB5A6CD7A}.Release|x64.Build.0 = Release|x64
		{39471AFA-C7C0-4D78-A41D-481BB5A6CD7A}.Release|x86.ActiveCfg = Release|Win32
		{39471AFA-C7C0-4D78-A41D-481BB5A6CD7A}.Release|x86.Build.0 = Release|Win32
		{09371E84-408A-467F-9519-F0996AC57D15}.Debug|x64.ActiveCfg = Debug|x64
		{09371E84-408A-467F-9519-F0996AC57D15}.Debug|x64.Build.0 = Debug|x64
		{09371E84-408A-467F-9519-F0996AC57D15}.Debug|x86.ActiveCfg = Debug|Win32
		{09371E84-408A-467F-9519-F0996AC57D15}.Debug|x86.Build.0 = Debug|Win32
		{09371E84-408A-467F-9519-F0996AC57D15}.Release|x64.ActiveCfg = Release|x64
		{09371E84-408A-467F-9519-F0996AC57D15}.Release|x64.Build.0 = Release|x64
		{09371E84-408A-467F-9519-F0996AC57D15}.Release|x86.ActiveCfg = Release|Win32
		{09371E84-408A-467F-9519-F0996AC57D15}.Release|x86.Build.0 = Release|Win32
		{B21B03EA-5126-483F-AB44-A5ABDE69B29E}.Debug|x64.ActiveCfg = Debug|x64
		{B21B03EA-5126-483F-AB44-A5ABDE69B29E}.Debug|x64.Build.0 = Debug|x64
		{B21B03EA-5126-483F-AB44-A5ABDE69B29E}.Debug|x86.ActiveCfg = Debug|Win32
		{B21B03EA-5126-483F-AB44-A5ABDE69B29E}.Debug|x86.Build.0 = Debug|Win32
		{B21B03EA-5126-483F-AB44-A5ABDE69B29E}.Release|x64.ActiveCfg = Release|x64
		{B21B03EA-5126-483F-AB44-A5ABDE69B29E}.Release|x64.Build.0 = Release|x64
		{B21B03EA-5126-483F-AB44-A5ABDE69B29E}.Release|x86.ActiveCfg = Release|Win32
		{B21B03EA-5126-483F-AB44-A5ABDE69B29E}.Release|x86.Build.0 = Release|Win32
		{CDA4AD34-CEFD-450E-ACFF-DD5471AF4FDF}.Debug|x64.ActiveCfg = Debug|x64
		{CDA4AD34-CEFD-450E-ACFF-DD5471AF4FDF}.Debug|x64.Build.0 = Debug|x64
		{CDA4AD34-CEFD-450E-ACFF-DD5471AF4FDF}.Debug|x86.ActiveCfg = Debug|Win32
		{CDA4AD34-CEFD-450E-ACFF-DD5471AF4FDF}.Debug|x86.Build.0 = Debug|Win32
		{CDA4AD34-CEFD-450E-ACFF-DD5471AF4FDF}.Release|x64.ActiveCfg = Release|x64
		{CDA4AD34-CEFD-450E-ACFF-DD5471AF4FDF}.Release|x64.Build.0 = Release|x64
		{CDA4AD34-CEFD-450E-ACFF-DD5471AF4FDF}.Release|x86.ActiveCfg = Release|Win32
		{CDA4AD34-CEFD-450E-ACFF-DD5471AF4FDF}.Release|x86.Build.0 = Release|Win32
		{E80BC102-93A3-4FB4-B2C8-2C49263A59CD}.Debug|x64.ActiveCfg = Debug|x64
		{E80BC102-93A3-4FB4-B2C8-2C49263A59CD}.Debug|x64.Build.0 = Debug|x64
		{E80BC102-93A3-4FB4-B2C8-2C49263A59CD}.Debug|x86.ActiveCfg = Debug|Win32
		{E80BC102-93A3-4FB4-B2C8-2C49263A59CD}.Debug|x86.Build.0 = Debug|Win32
		{E80BC102-93A3-4FB4-B2C8-2C49263A59CD}.Release|x64.ActiveCfg = Release|x64
		{E80BC102-93A3-4FB4-B2C8-2C49263A59CD}.Release|x64.Build.0 = Release|x64
		{E80BC102-93A3-4FB4-B2C8-2C49263A59CD}.Release|x86.ActiveCfg = Release|Win32
		{E80BC102-93A3-4FB4-B2C8-2C49263A59CD}.Release|x86.Build.0 = Release|Win32
		{57983D04-9418-4BD9-ADE2-86F0647FC82E}.Debug|x64.ActiveCfg = Debug|x64
		{57983D04-9418-4BD9-ADE2-86F0647FC82E}.Debug|x64.Build.0 = Debug|x64
		{57983D04-9418-4BD9-ADE2-86F0647FC82E}.Debug|x86.ActiveCfg = Debug|Win32
		{57983D04-9418-4BD9-ADE2-86F0647FC82E}.Debug|x86.Build.0 = Debug|Win32
		{57983D04-9418-4BD9-ADE2-86F0647FC82E}.Release|x64.ActiveCfg = Release|x64
		{57983D04-9418-4BD9-ADE2-86F0647FC82E}.Release|x64.Build.0 = Release|x64
		{57983D04-9418-4BD9-ADE2-86F0647FC82E}.Release|x86.ActiveCfg = Release|Win32
		{57983D04-9418-4BD9-ADE2-86F0647FC82E}.Release|x86.Build.0 = Release|Win32
		{D127EE44-58AB-403D-8AE4-94D24FBD31B4}.Debug|x64.ActiveCfg = Debug|x64
		{D127EE44-58AB-403D-8AE4-94D24FBD31B4}.Debug|x64.Build.0 = Debug|x64
		{D127EE44-58AB-403D-8AE4-94D24FBD31B4}.Debug|x86.ActiveCfg = Debug|Win32
		{D127EE44-58AB-403D-8AE4-94D24FBD31B4}.Debug|x86.Build.0 = Debug|Win32
		{D127EE44-58AB-403D-8AE4-94D24FBD31B4}.Release|x64.ActiveCfg = Release|x64
		{D127EE44-58AB-403D-8AE4-94D24FBD31B4}.Release|x64.Build.0 = Release|x64
		{D127EE44-58AB-403D-8AE4-94D24FBD31B4}.Release|x86.ActiveCfg = Release|Win32
		{D127EE44-58AB-403D-8AE4-94D24FBD31B4}.Release|x86.Build.0 = Release|Win32
		{342C6DD5-2823-4273-BE77-638AFC93253D}.Debug|x64.ActiveCfg = Debug|x64
		{342C6DD5-2823-4273-BE77-638AFC93253D}.Debug|x64.Build.0 = Debug|x64
		{342C6DD5-2823-4273-BE77-638AFC93253D}.Debug|x86.ActiveCfg = Debug|Win32
		{342C6DD5-2823-4273-BE77-638AFC93253D}.Debug|x86.Build.0 = Debug|Win32
		{342C6DD5-2823-4273-BE77-638AFC93253D}.Release|x64.ActiveCfg = Release|x64
		{342C6DD5-2823-4273-BE77-638AFC93253D}.Release|x64.Build.0 = Release|x64
		{342C6DD5-2823-4273-BE77-638AFC93253D}.Release|x86.ActiveCfg = Release|Win32
		{342C6DD5-2823-4273-BE77-638AFC93253D}.Release|x86.Build.0 = Release|Win32
		{A2B3A508-A937-47FF-B894-2D04CF40843C}.Debug|x64.ActiveCfg = Debug|x64
		{A2B3A508-A937-47FF-B894-2D04CF40843C}.Debug|x64.Build.0 = Debug|x64
		{A2B3A508-A937-47FF-B894-2D04CF40843C}.Debug|x86.ActiveCfg = Debug|Win32
		{A2B3A508-A937-47FF-B894-2D04CF40843C}.Debug|x86.Build.0 = Debug|Win32
		{A2B3A508-A937-47FF-B894-2D04CF40843C}.Release|x64.ActiveCfg = Release|x64
		{A2B3A508-A937-47FF-B894-2D04CF40843C}.Release|x64.Build.0 = Release|x64
		{A2B3A508-A937-47FF-B894-2D04CF40843C}.Release|x86.ActiveCfg = Release|Win32
		{A2B3A508-A937-47FF-B894-2D04CF40843C}.Release|x86.Build.0 = Release|Win32
		{C53C2A95-E8F9-4FD2-8C8B-A1A7177FA228}.Debug|x64.ActiveCfg = Debug|x64
		{C53C2A95-E8F9-4FD2-8C8B-A1A7177FA228}.Debug|x64.Build.0 = Debug|x64
		{C53C2A95-E8F9-4FD2-8C8B-A1A7177FA228}.Debug|x86.ActiveCfg = Debug|Win32
		{C53C2A95-E8F9-4FD2-8C8B-A1A7177FA228}.Debug|x86.Build.0 = Debug|Win32
		{C53C2A95-E8F9-4FD2-8C8B-A1A7177FA228}.Release|x64.ActiveCfg = Release|x64
		{C53C2A95-E8F9-4FD2-8C8B-A1A7177FA228}.Release|x64.Build.0 = Release|x64
		{C53C2A95-E8F9-4FD2-8C8B-A1A7177FA228}.Release|x86.ActiveCfg = Release|Win32
		{C53C2A95-E8F9-4FD2-8C8B-A1A7177FA228}.Release|x86.Build.0 = Release|Win32
		{3BE9B539-1BB7-4F7E-BD07-B048BAAD9079}.Debug|x64.ActiveCfg = Debug|x64
		{3BE9B539-1BB7-4F7E-BD07-B048BAAD9079}.Debug|x64.Build.0 = Debug|x64
		{3BE9B539-1BB7-4F7E-BD07-B048BAAD9079}.Debug|x86.ActiveCfg = Debug|Win32
		{3BE9B539-1BB7-4F7E-BD07-B048BAAD9079}.Debug|x86.Build.0 = Debug|Win32
		{3BE9B539-1BB7-4F7E-BD07-B048BAAD9079}.Release|x64.ActiveCfg = Release|x64
		{3BE9B539-1BB7-4F7E-BD07-B048BAAD9079}.Release|x64.Build.0 = Release|x64
		{3BE9B539-1BB7-4F7E-BD07-B048BAAD9079}.Release|x86.ActiveCfg = Release|Win32
		{3BE9B539-1BB7-4F7E-BD07-B048BAAD9079}.Release|x86.Build.0 = Release|Win32
		{AB1AEA5F-9905-49D4-8330-D978D7285DAE}.Debug|x64.ActiveCfg = Debug|x64
		{AB1AEA5F-9905-49D4-8330-D978D7285DAE}.Debug|x64.Build.0 = Debug|x64
		{AB1AEA5F-9905-49D4-8330-D978D7285DAE}.Debug|x86.ActiveCfg = Debug|Win32
		{AB1AEA5F-9905-49D4-8330-D978D7285DAE}.Debug|x86.Build.0 = Debug|Win32
		{AB1AEA5F-9905-49D4-8330-D978D7285DAE}.Release|x64.ActiveCfg = Release|x64
		{AB1AEA5F-9905-49D4-8330-D978D7285DAE}.Release|x64.Build.0 = Release|x64
		{AB1AEA5F-9905-49D4-8330-D978D7285DAE}.Release|x86.ActiveCfg = Release|Win32
		{AB1AEA5F-9905-49D4-8330-D978D7285DAE}.Release|x86.Build.0 = Release|Win32
		{C4DED409-9D32-4A92-A060-91B6A43A7650}.Debug|x64.ActiveCfg = Debug|x64
		{C4DED409-9D32-4A92-A060-91B6A43A7650}.Debug|x64.Build.0 = Debug|x64
		{C4DED409-9D32-4A92-A060-91B6A43A7650}.Debug|x86.ActiveCfg = Debug|Win32
		{C4DED409-9D32-4A92-A060-91B6A43A7650}.Debug|x86.Build.0 = Debug|Win32
		{C4DED409-9D32-4A92-A060-91B6A43A7650}.Release|x64.ActiveCfg = Release|x64
		{C4DED409-9D32-4A92-A060-91B6A43A7650}.Release|x64.Build.0 = Release|x64
		{C4DED409-9D32-4A92-A060-91B6A43A7650}.Release|x86.ActiveCfg = Release|Win32
		{C4DED409-9D32-4A92-A060-91B6A43A7650}.Release|x86.Build.0 = Release|Win32
		{0AE200FE-FB10-4860-8314-50FE291CDED0}.Debug|x64.ActiveCfg = Debug|x64
		{0AE200FE-FB10-4860-8314-50FE291CDED0}.Debug|x64.Build.0 = Debug|x64
		{0AE200FE-FB10-4860-8314-50FE291CDED0}.Debug|x86.ActiveCfg = Debug|Win32
		{0AE200FE-FB10-4860-8314-50FE291CDED0}.Debug|x86.Build.0 = Debug|Win32
		{0AE200FE-FB10-4860-8314-50FE291CDED0}.Release|x64.ActiveCfg = Release|x64
		{0AE200FE-FB10-4860-8314-50FE291CDED0}.Release|x64.Build.0 = Release|x64
		{0AE200FE-FB10-4860-8314-50FE291CDED0}.Release|x86.ActiveCfg = Release|Win32
		{0AE200FE-FB10-4860-8314-50FE291CDED0}.Release|x86.Build.0 = Release|Win32
		{88242412-FB53-43EE-AC34-A5179A0F336A}.Debug|x64.ActiveCfg = Debug|x64
		{88242412-FB53-43EE-AC34-A5179A0F336A}.Debug|x64.Build.0 = Debug|x64
		{88242412-FB53-43EE-AC34-A5179A0F336A}.Debug|x86.ActiveCfg = Debug|Win32
		{88242412-FB53-43EE-AC34-A5179A0F336A}.Debug|x86.Build.0 = Debug|Win32
		{88242412-FB53-43EE-AC34-A5179A0F336A}.Release|x64.ActiveCfg = Release|x64
		{88242412-FB53-43EE-AC34-A5179A0F336A}.Release|x64.Build.0 = Release|x64
		{88242412-FB53-43EE-AC34-A5179A0F336A}.Release|x86.ActiveCfg = Release|Win32
		{88242412-FB53-43EE-AC34-A5179A0F336A}.Release|x86.Build.0 = Release|Win32
		{083137DF-CA26-4371-AFFB-6D51EAEE12C8}.Debug|x64.ActiveCfg = Debug|x64
		{083137DF-CA26-4371-AFFB-6D51EAEE12C8}.Debug|x64.Build.0 = Debug|x64
		{083137DF-CA26-4371-AFFB-6D51EAEE12C8}.Debug|x86.ActiveCfg = Debug|Win32
		{083137DF-CA26-4371-AFFB-6D51EAEE12C8}.Debug|x86.Build.0 = Debug|Win32
		{083137DF-CA26-4371-AFFB-6D51EAEE12C8}.Release|x64.ActiveCfg = Release|x64
		{083137DF-CA26-4371-AFFB-6D51EAEE12C8}.Release|x64.Build.0 = Release|x64
		{083137DF-CA26-4371-AFFB-6D51EAEE12C8}.Release|x86.ActiveCfg = Release|Win32
		{083137DF-CA26-4371-AFFB-6D51EAEE12C8}.Release|x86.Build.0 = Release|Win32
		{2F95FF13-8832-4386-AF3F-9080D04163F8}.Debug|x64.ActiveCfg = Debug|x64
		{2F95FF13-8832-4386-AF3F-9080D04163F8}.Debug|x64.Build.0 = Debug|x64
		{2F95FF13-8832-4386-AF3F-9080D04163F8}.Debug|x86.ActiveCfg = Debug|Win32
		{2F95FF13-8832-4386-AF3F-9080D04163F8}.Debug|x86.Build.0 = Debug|Win32
		{2F95FF13-8832-4386-AF3F-9080D04163F8}.Release|x64.ActiveCfg = Release|x64
		{2F95FF13-8832-4386-AF3F-9080D04163F8}.Release|x64.Build.0 = Release|x64
		{2F95FF13-8832-4386-AF3F-9080D04163F8}.Release|x86.ActiveCfg = Release|Win32
		{2F95FF13-8832-4386-AF3F-9080D04163F8}.Release|x86.Build.0 = Release|Win32
		{19D73559-3841-4E28-B847-88DC52B91D1D}.Debug|x64.ActiveCfg = Debug|x64
		{19D73559-3841-4E28-B847-88DC52B91D1D}.Debug|x64.Build.0 = Debug|x64
		{19D73559-3841-4E28-B847-88DC52B91D1D}.Debug|x86.ActiveCfg = Debug|Win32
		{19D73559-3841-4E28-B847-88DC52B91D1D}.Debug|x86.Build.0 = Debug|Win32
		{19D73559-3841-4E28-B847-88DC52B91D1D}.Release|x64.ActiveCfg = Release|x64
		{19D73559-3841-4E28-B847-88DC52B91D1D}.Release|x64.Build.0 = Release|x64
		{19D73559-3841-4E28-B847-88DC52B91D1D}.Release|x86.ActiveCfg = Release|Win32
		{19D73559-3841-4E28-B847-88DC52B91D1D}.Release|x86.Build.0 = Release|Win32
		{D18A6A23-03F9-4668-AC86-6E4030F00712}.Debug|x64.ActiveCfg = Debug|x64
		{D18A6A23-03F9-4668-AC86-6E4030F00712}.Debug|x64.Build.0 = Debug|x64
		{D18A6A23-03F9-4668-AC86-6E4030F00712}.Debug|x86.ActiveCfg = Debug|Win32
		{D18A6A23-03F9-4668-AC86-6E4030F00712}.Debug|x86.Build.0 = Debug|Win32
		{D18A6A23-03F9-4668-AC86-6E4030F00712}.Release|x64.ActiveCfg = Release|x64
		{D18A6A23-03F9-4668-AC86-6E4030F00712}.Release|x64.Build.0 = Release|x64
		{D18A6A23-03F9-4668-AC86-6E4030F00712}.Release|x86.ActiveCfg = Release|Win32
		{D18A6A23-03F9-4668-AC86-6E4030F00712}.Release|x86.Build.0 = Release|Win32
		{008A0348-FC45-423A-BA48-73C748E35AE6}.Debug|x64.ActiveCfg = Debug|x64
		{008A0348-FC45-423A-BA48-73C748E35AE6}.Debug|x64.Build.0 = Debug|x64
		{008A0348-FC45-423A-BA48-73C748E35AE6}.Debug|x86.ActiveCfg = Debug|Win32
		{008A0348-FC45-423A-BA48-73C748E35AE6}.Debug|x86.Build.0 = Debug|Win32
		{008A0348-FC45-423A-BA48-73C748E35AE6}.Release|x64.ActiveCfg = Release|x64
		{008A0348-FC45-423A-BA48-73C748E35AE6}.Release|x64.Build.0 = Release|x64
		{008A0348-FC45-423A-BA48-73C748E35AE6}.Release|x86.ActiveCfg = Release|Win32
		{008A0348-FC45-423A-BA48-73C748E35AE6}.Release|x86.Build.0 = Release|Win32
		{A778602F-B83C-405E-8F52-ACCAAF5801A0}.Debug|x64.ActiveCfg = Debug|x64
		{A778602F-B83C-405E-8F52-ACCAAF5801A0}.Debug|x64.Build.0 = Debug|x64
		{A778602F-B83C-405E-8F52-ACCAAF5801A0}.Debug|x86.ActiveCfg = Debug|Win32
		{A778602F-B83C-405E-8F52-ACCAAF5801A0}.Debug|x86.Build.0 = Debug|Win32
		{A778602F-B83C-405E-8F52-ACCAAF5801A0}.Release|x64.ActiveCfg = Release|x64
		{A778602F-B83C-405E-8F52-ACCAAF5801A0}.Release|x64.Build.0 = Release|x64
		{A778602F-B83C-405E-8F52-ACCAAF5801A0}.Release|x86.ActiveCfg = Release|Win32
		{A778602F-B83C-405E-8F52-ACCAAF5801A0}.Release|x86.Build.0 = Release|Win32
		{2CAF6A79-C429-499F-9390-67FD64556C0D}.Debug|x64.ActiveCfg = Debug|x64
		{2CAF6A79-C429-499F-9390-67FD64556C0D}.Debug|x64.Build.0 = Debug|x64
		{2CAF6A79-C429-499F-9390-67FD64556C0D}.Debug|x86.ActiveCfg = Debug|Win32
		{2CAF6A79-C429-499F-9390-67FD64556C0D}.Debug|x86.Build.0 = Debug|Win32
		{2CAF6A79-C429-499F-9390-67FD64556C0D}.Release|x64.ActiveCfg = Release|x64
		{2CAF6A79-C429-499F-9390-67FD64556C0D}.Release|x64.Build.0 = Release|x64
		{2CAF6A79-C429-499F-9390-67FD64556C0D}.Release|x86.ActiveCfg = Release|Win32
		{2CAF6A79-C429-499F-9390-67FD64556C0D}.Release|x86.Build.0 = Release|Win32
		{F30BC554-E2CA-4D43-8029-09914EBB5BF2}.Debug|x64.ActiveCfg = Debug|x64
		{F30BC554-E2CA-4D43-8029-09914EBB5BF2}.Debug|x64.Build.0 = Debug|x64
		{F30BC554-E2CA-4D43-8029-09914EBB5BF2}.Debug|x86.ActiveCfg = Debug|Win32
		{F30BC554-E2CA-4D43-8029-09914EBB5BF2}.Debug|x86.Build.0 = Debug|Win32
		{F30BC554-E2CA-4D43-8029-09914EBB5BF2}.Release|x64.ActiveCfg = Release|x64
		{F30BC554-E2CA-4D43-8029-09914EBB5BF2}.Release|x64.Build.0 = Release|x64
		{F30BC554-E2CA-4D43-8029-09914EBB5BF2}.Release|x86.ActiveCfg = Release|Win32
		{F30BC554-E2CA-4D43-8029-09914EBB5BF2}.Release|x86.Build.0 = Release|Win32
		{7F5F1A82-D501-4616-869F-7D7271AE5630}.Debug|x64.ActiveCfg = Debug|x64
		{7F5F1A82-D501-4616-869F-7D7271AE5630}.Debug|x64.Build.0 = Debug|x64
		{7F5F1A82-D501-4616-869F-7D7271AE5630}.Debug|x86.ActiveCfg = Debug|Win32
		{7F5F1A82-D501-4616-869F-7D7271AE5630}.Debug|x86.Build.0 = Debug|Win32
		{7F5F1A82-D501-4616-869F-7D7271AE5630}.Release|x64.ActiveCfg = Release|x64
		{7F5F1A82-D501-4616-869F-7D7271AE5630}.Release|x64.Build.0 = Release|x64
		{7F5F1A82-D501-4616-869F-7D7271AE5630}.Release|x86.ActiveCfg = Release|Win32
		{7F5F1A82-D501-4616-869F-7D7271AE5630}.Release|x86.Build.0 = Release|Win32
		{E1B51B0A-8109-4860-BD03-7FF7F919472E}.Debug|x64.ActiveCfg = Debug|x64
		{E1B51B0A-8109-4860-BD03-7FF7F919472E}.Debug|x64.Build.0 = Debug|x64
		{E1B51B0A-8109-4860-BD03-7FF7F919472E}.Debug|x86.ActiveCfg = Debug|Win32
		{E1B51B0A-8109-4860-BD03-7FF7F919472E}.Debug|x86.Build.0 = Debug|Win32
		{E1B51B0A-8109-4860-BD03-7FF7F919472E}.Release|x64.ActiveCfg = Release|x64
		{E1B51B0A-8109-4860-BD03-7FF7F919472E}.Release|x64.Build.0 = Release|x64
		{E1B51B0A-8109-4860-BD03-7FF7F919472E}.Release|x86.ActiveCfg = Release|Win32
		{E1B51B0A-8109-4860-BD03-7FF7F919472E}.Release|x86.Build.0 = Release|Win32
		{8B1928A7-0433-4939-AA54-0CABF179B9E6}.Debug|x64.ActiveCfg = Debug|x64
		{8B1928A7-0433-4939-AA54-0CABF179B9E6}.Debug|x64.Build.0 = Debug|x64
		{8B1928A7-0433-4939-AA54-0CABF179B9E6}.Debug|x86.ActiveCfg = Debug|Win32
		{8B1928A7-0433-4939-AA54-0CABF179B9E6}.Debug|x86.Build.0 = Debug|Win32
		{8B1928A7-0433-4939-AA54-0CABF179B9E6}.Release|x64.ActiveCfg = Release|x64
		{8B1928A7-0433-4939-AA54-0CABF179B9E6}.Release|x64.Build.0 = Release|x64
		{8B1928A7-0433-4939-AA54-0CABF179B9E6}.Release|x86.ActiveCfg = Release|Win32
		{8B1928A7-0433-4939-AA54-0CABF179B9E6}.Release|x86.Build.0 = Release|Win32
		{3A78EC2C-85EC-4FA5-B44C-75BF4CEB5DFB}.Debug|x64.ActiveCfg = Debug|x64
		{3A78EC2C-85EC-4FA5-B44C-75BF4CEB5DFB}.Debug|x64.Build.0 = Debug|x64
		{3A78EC2C-85EC-4FA5-B44C-75BF4CEB5DFB}.Debug|x86.ActiveCfg = Debug|Win32
		{3A78EC2C-85EC-4FA5-B44C-75BF4CEB5DFB}.Debug|x86.Build.0 = Debug|Win32
		{3A78EC2C-85EC-4FA5-B44C-75BF4CEB5DFB}.Release|x64.ActiveCfg = Release|x64
		{3A78EC2C-85EC-4FA5-B44C-75BF4CEB5DFB}.Release|x64.Build.0 = Release|x64
		{3A78EC2C-85EC-4FA5-B44C-75BF4CEB5DFB}.Release|x86.ActiveCfg = Release|Win32
		{3A78EC2C-85EC-4FA5-B44C-75BF4CEB5DFB}.Release|x86.Build.0 = Release|Win32
		{90CD0D35-2786-41B5-80B2-8B71BCF44858}.Debug|x64.ActiveCfg = Debug|x64
		{90CD0D35-2786-41B5-80B2-8B71BCF44858}.Debug|x64.Build.0 = Debug|x64
		{90CD0D35-2786-41B5-80B2-8B71BCF44858}.Debug|x86.ActiveCfg = Debug|Win32
		{90CD0D35-2786-41B5-80B2-8B71BCF44858}.Debug|x86.Build.0 = Debug|Win32
		{90CD0D35-2786-41B5-80B2-8B71BCF44858}.Release|x64.ActiveCfg = Release|x64
		{90CD0D35-2786-41B5-80B2-8B71BCF44858}.Release|x64.Build.0 = Release|x64
		{90CD0D35-2786-41B5-80B2-8B71BCF44858}.Release|x86.ActiveCfg = Release|Win32
		{90CD0D35-2786-41B5-80B2-8B71BCF44858}.Release|x86.Build.0 = Release|Win32
		{220A31DE-EF6E-490A-A5DB-DF05EFBD4F36}.Debug|x64.ActiveCfg = Debug|x64
		{220A31DE-EF6E-490A-A5DB-DF05EFBD4F36}.Debug|x64.Build.0 = Debug|x64
		{220A31DE-EF6E-490A-A5DB-DF05EFBD4F36}.Debug|x86.ActiveCfg = Debug|Win32
		{220A31DE-EF6E-490A-A5DB-DF05EFBD4F36}.Debug|x86.Build.0 = Debug|Win32
		{220A31DE-EF6E-490A-A5DB-DF05EFBD4F36}.Release|x64.ActiveCfg = Release|x64
		{220A31DE-EF6E-490A-A5DB-DF05EFBD4F36}.Release|x64.Build.0 = Release|x64
		{220A31DE-EF6E-490A-A5DB-DF05EFBD4F36}.Release|x86.ActiveCfg = Release|Win32
		{220A31DE-EF6E-490A-A5DB-DF05EFBD4F36}.Release|x86.Build.0 = Release|Win32
		{0D78E7F2-7F83-4062-B555-0C5A729B09E8}.Debug|x64.ActiveCfg = Debug|x64
		{0D78E7F2-7F83-4062-B555-0C5A729B09E8}.Debug|x64.Build.0 = Debug|x64
		{0D78E7F2-7F83-4062-B555-0C5A729B09E8}.Debug|x86.ActiveCfg = Debug|Win32
		{0D78E7F2-7F83-4062-B555-0C5A729B09E8}.Debug|x86.Build.0 = Debug|Win32
		{0D78E7F2-7F83-4062-B555-0C5A729B09E8}.Release|x64.ActiveCfg = Release|x64
		{0D78E7F2-7F83-4062-B555-0C5A729B09E8}.Release|x64.Build.0 = Release|x64
		{0D78E7F2-7F83-4062-B555-0C5A729B09E8}.Release|x86.ActiveCfg = Release|Win32
		{0D78E7F2-7F83-4062-B555-0C5A729B09E8}.Release|x86.Build.0 = Release|Win32
		{7937E66F-666E-45D0-A0A9-6EBE770A2867}.Debug|x64.ActiveCfg = Debug|x64
		{7937E66F-666E-45D0-A0A9-6EBE770A2867}.Debug|x64.Build.0 = Debug|x64
		{7937E66F-666E-45D0-A0A9-6EBE770A2867}.Debug|x86.ActiveCfg = Debug|Win32
		{7937E66F-666E-45D0-A0A9-6EBE770A2867}.Debug|x86.Build.0 = Debug|Win32
		{7937E66F-666E-45D0-A0A9-6EBE770A2867}.Release|x64.ActiveCfg = Release|x64
		{7937E66F-666E-45D0-A0A9-6EBE770A2867}.Release|x64.Build.0 = Release|x64
		{7937E66F-666E-45D0-A0A9-6EBE770A2867}.Release|x86.ActiveCfg = Release|Win32
		{7937E66F-666E-45D0-A0A9-6EBE770A2867}.Release|x86.Build.0 = Release|Win32
		{E034CD6B-3457-4096-8128-4BCCC5A6E92D}.Debug|x64.ActiveCfg = Debug|x64
		{E034CD6B-3457-4096-8128-4BCCC5A6E92D}.Debug|x64.Build.0 = Debug|x64
		{E034CD6B-3457-4096-8128-4BCCC5A6E92D}.Debug|x86.ActiveCfg = Debug|Win32
		{E034CD6B-3457-4096-8128-4BCCC5A6E92D}.Debug|x86.Build.0 = Debug|Win32
		{E034CD6B-3457-4096-8128-4BCCC5A6E92D}.Release|x64.ActiveCfg = Release|x64
		{E034CD6B-3457-4096-8128-4BCCC5A6E92D}.Release|x64.Build.0 = Release|x64
		{E034CD6B-3457-4096-8128-4BCCC5A6E92D}.Release|x86.ActiveCfg = Release|Win32
		{E034CD6B-3457-4096-8128-4BCCC5A6E92D}.Release|x86.Build.0 = Release|Win32
		{42EC0F8E-4FF3-4163-AA22-3736A52615B2}.Debug|x64.ActiveCfg = Debug|x64
		{42EC0F8E-4FF3-4163-AA22-3736A52615B2}.Debug|x64.Build.0 = Debug|x64
		{42EC0F8E-4FF3-4163-AA22-3736A52615B2}.Debug|x86.ActiveCfg = Debug|Win32
		{42EC0F8E-4FF3-4163-AA22-3736A52615B2}.Debug|x86.Build.0 = Debug|Win32
		{42EC0F8E-4FF3-4163-AA22-3736A52615B2}.Release|x64.ActiveCfg = Release|x64
		{42EC0F8E-4FF3-4163-AA22-3736A52615B2}.Release|x64.Build.0 = Release|x64
		{42EC0F8E-4FF3-4163-AA22-3736A52615B2}.Release|x86.ActiveCfg = Release|Win32
		{42EC0F8E-4FF3-4163-AA22-3736A52615B2}.Release|x86.Build.0 = Release|Win32
		{3928B9D8-A9BC-4995-B704-5FC10AE4F19D}.Debug|x64.ActiveCfg = Debug|x64
		{3928B9D8-A9BC-4995-B704-5FC10AE4F19D}.Debug|x64.Build.0 = Debug|x64
		{3928B9D8-A9BC-4995-B704-5FC10AE4F19D}.Debug|x86.ActiveCfg = Debug|Win32
		{3928B9D8-A9BC-4995-B704-5FC10AE4F19D}.Debug|x86.Build.0 = Debug|Win32
		{3928B9D8-A9BC-4995-B704-5FC10AE4F19D}.Release|x64.ActiveCfg = Release|x64
		{3928B9D8-A9BC-4995-B704-5FC10AE4F19D}.Release|x64.Build.0 = Release|x64
		{3928B9D8-A9BC-4995-B704-5FC10AE4F19D}.Release|x86.ActiveCfg = Release|Win32
		{3928B9D8-A9BC-4995-B704-5FC10AE4F19D}.Release|x86.Build.0 = Release|Win32
		{54A0DFE7-F9DD-4FA9-970A-7C3108E9D771}.Debug|x64.ActiveCfg = Debug|x64
		{54A0DFE7-F9DD-4FA9-970A-7C3108E9D771}.Debug|x64.Build.0 = Debug|x64
		{54A0DFE7-F9DD-4FA9-970A-7C3108E9D771}.Debug|x86.ActiveCfg = Debug|Win32
		{54A0DFE7-F9DD-4FA9-970A-7C3108E9D771}.Debug|x86.Build.0 = Debug|Win32
		{54A0DFE7-F9DD-4FA9-970A-7C3108E9D771}.Release|x64.ActiveCfg = Release|x64
		{54A0DFE7-F9DD-4FA9-970A-7C3108E9D771}.Release|x64.Build.0 = Release|x64
		{54A0DFE7-F9DD-4FA9-970A-7C3108E9D771}.Release|x86.ActiveCfg = Release|Win32
		{54A0DFE7-F9DD-4FA9-970A-7C3108E9D771}.Release|x86.Build.0 = Release|Win32
		{44F6B881-9C3E-4CB5-8929-72D07548FC70}.Debug|x64.ActiveCfg = Debug|x64
		{44F6B881-9C3E-4CB5-8929-72D07548FC70}.Debug|x64.Build.0 = Debug|x64
		{44F6B881-9C3E-4CB5-8929-72D07548FC70}.Debug|x86.ActiveCfg = Debug|Win32
		{44F6B881-9C3E-4CB5-8929-72D07548FC70}.Debug|x86.Build.0 = Debug|Win32
		{44F6B881-9C3E-4CB5-8929-72D07548FC70}.Release|x64.ActiveCfg = Release|x64
		{44F6B881-9C3E-4CB5-8929-72D07548FC70}.Release|x64.Build.0 = Release|x64
		{44F6B881-9C3E-4CB5-8929-72D07548FC70}.Release|x86.ActiveCfg = Release|Win32
		{44F6B881-9C3E-4CB5-8929-72D07548FC70}.Release|x86.Build.0 = Release|Win32
		{E457B18A-8A0D-4DDC-BB06-1D1A3936256E}.Debug|x64.ActiveCfg = Debug|x64
		{E457B18A-8A0D-4DDC-BB06-1D1A3936256E}.Debug|x64.Build.0 = Debug|x64
		{E457B18A-8A0D-4DDC-BB06-1D1A3936256E}.Debug|x86.ActiveCfg = Debug|Win32
		{E457B18A-8A0D-4DDC-BB06-1D1A3936256E}.Debug|x86.Build.0 = Debug|Win32
		{E457B18A-8A0D-4DDC-BB06-1D1A3936256E}.Release|x64.ActiveCfg = Release|x64
		{E457B18A-8A0D-4DDC-BB06-1D1A3936256E}.Release|x64.Build.0 = Release|x64
		{E457B18A-8A0D-4DDC-BB06-1D1A3936256E}.Release|x86.ActiveCfg = Release|Win32
		{E457B18A-8A0D-4DDC-BB06-1D1A3936256E}.Release|x86.Build.0 = Release|Win32
		{44D0CE8D-9453-4500-8743-EB913D979035}.Debug|x64.ActiveCfg = Debug|x64
		{44D0CE8D-9453-4500-8743-EB913D979035}.Debug|x64.Build.0 = Debug|x64
		{44D0CE8D-9453-4500-8743-EB913D979035}.Debug|x86.ActiveCfg = Debug|Win32
		{44D0CE8D-9453-4500-8743-EB913D979035}.Debug|x86.Build.0 = Debug|Win32
		{44D0CE8D-9453-4500-8743-EB913D979035}.Release|x64.ActiveCfg = Release|x64
		{44D0CE8D-9453-4500-8743-EB913D979035}.Release|x64.Build.0 = Release|x64
		{44D0CE8D-9453-4500-8743-EB913D979035}.Release|x86.ActiveCfg = Release|Win32
		{44D0CE8D-9453-4500-8743-EB913D979035}.Release|x86.Build.0 = Release|Win32
		{CE6CDE1D-4E4B-4BB1-8970-331B5A1A5454}.Debug|x64.ActiveCfg = Debug|x64
		{CE6CDE1D-4E4B-4BB1-8970-331B5A1A5454}.Debug|x64.Build.0 = Debug|x64
		{CE6CDE1D-4E4B-4BB1-8970-331B5A1A5454}.Debug|x86.ActiveCfg = Debug|Win32
		{CE6CDE1D-4E4B-4BB1-8970-331B5A1A5454}.Debug|x86.Build.0 = Debug|Win32
		{CE6CDE1D-4E4B-4BB1-8970-331B5A1A5454}.Release|x64.ActiveCfg = Release|x64
		{CE6CDE1D-4E4B-4BB1-8970-331B5A1A5454}.Release|x64.Build.0 = Release|x64
		{CE6CDE1D-4E4B-4BB1-8970-331B5A1A5454}.Release|x86.ActiveCfg = Release|Win32
		{CE6CDE1D-4E4B-4BB1-8970-331B5A1A5454}.Release|x86.Build.0 = Release|Win32
		{DB7D36D6-65CD-4625-B41E-0B1D5484C271}.Debug|x64.ActiveCfg = Debug|x64
		{DB7D36D6-65CD-4625-B41E-0B1D5484C271}.Debug|x64.Build.0 = Debug|x64
		{DB7D36D6-65CD-4625-B41E-0B1D5484C271}.Debug|x86.ActiveCfg = Debug|Win32
		{DB7D36D6-65CD-4625-B41E-0B1D5484C271}.Debug|x86.Build.0 = Debug|Win32
		{DB7D36D6-65CD-4625-B41E-0B1D5484C271}.Release|x64.ActiveCfg = Release|x64
		{DB7D36D6-65CD-4625-B41E-0B1D5484C271}.Release|x64.Build.0 = Release|x64
		{DB7D36D6-65CD-4625-B41E-0B1D5484C271}.Release|x86.ActiveCfg = Release|Win32
		{DB7D36D6-65CD-4625-B41E-0B1D5484C271}.Release|x86.Build.0 = Release|Win32
		{21FE4EF2-DE9C-42A6-9E9B-2220547E1499}.Debug|x64.ActiveCfg = Debug|x64
		{21FE4EF2-DE9C-42A6-9E9B-2220547E1499}.Debug|x64.Build.0 = Debug|x64
		{21FE4EF2-DE9C-42A6-9E9B-2220547E1499}.Debug|x86.ActiveCfg = Debug|Win32
		{21FE4EF2-DE9C-42A6-9E9B-2220547E1499}.Debug|x86.Build.0 = Debug|Win32
		{21FE4EF2-DE9C-42A6-9E9B-2220547E1499}.Release|x64.ActiveCfg = Release|x64
		{21FE4EF2-DE9C-42A6-9E9B-2220547E1499}.Release|x64.Build.0 = Release|x64
		{21FE4EF2-DE9C-42A6-9E9B-2220547E1499}.Release|x86.ActiveCfg = Release|Win32
		{21FE4EF2-DE9C-42A6-9E9B-2220547E1499}.Release|x86.Build.0 = Release|Win32
		{1B74BA88-18FD-4C8A-A441-31309BE65F2C}.Debug|x64.ActiveCfg = Debug|x64
		{1B74BA88-18FD-4C8A-A441-31309BE65F2C}.Debug|x64.Build.0 = Debug|x64
		{1B74BA88-18FD-4C8A-A441-31309BE65F2C}.Debug|x86.ActiveCfg = Debug|Win32
		{1B74BA88-18FD-4C8A-A441-31309BE65F2C}.Debug|x86.Build.0 = Debug|Win32
		{1B74BA88-18FD-4C8A-A441-31309BE65F2C}.Release|x64.ActiveCfg = Release|x64
		{1B74BA88-18FD-4C8A-A441-31309BE65F2C}.Release|x64.Build.0 = Release|x64
		{1B74BA88-18FD-4C8A-A441-31309BE65F2C}.Release|x86.ActiveCfg = Release|Win32
		{1B74BA88-18FD-4C8A-A441-31309BE65F2C}.Release|x86.Build.0 = Release|Win32
		{0F9774DD-A589-4EDB-9B02-66311F243AF9}.Debug|x64.ActiveCfg = Debug|x64
		{0F9774DD-A589-4EDB-9B02-66311F243AF9}.Debug|x64.Build.0 = Debug|x64
		{0F9774DD-A589-4EDB-9B02-66311F243AF9}.Debug|x86.ActiveCfg = Debug|Win32
		{0F9774DD-A589-4EDB-9B02-66311F243AF9}.Debug|x86.Build.0 = Debug|Win32
		{0F9774DD-A589-4EDB-9B02-66311F243AF9}.Release|x64.ActiveCfg = Release|x64
		{0F9774DD-A589-4EDB-9B02-66311F243AF9}.Release|x64.Build.0 = Release|x64
		{0F9774DD-A589-4EDB-9B02-66311F243AF9}.Release|x86.ActiveCfg = Release|Win32
		{0F9774DD-A589-4EDB-9B02-66311F243AF9}.Release|x86.Build.0 = Release|Win32
		{F617A216-B18C-468B-9E5E-777616191753}.Debug|x64.ActiveCfg = Debug|x64
		{F617A216-B18C-468B-9E5E-777616191753}.Debug|x64.Build.0 = Debug|x64
		{F617A216-B18C-468B-9E5E-777616191753}.Debug|x86.ActiveCfg = Debug|Win32
		{F617A216-B18C-468B-9E5E-777616191753}.Debug|x86.Build.0 = Debug|Win32
		{F617A216-B18C-468B-9E5E-777616191753}.Release|x64.ActiveCfg = Release|x64
		{F617A216-B18C-468B-9E5E-777616191753}.Release|x64.Build.0 = Release|x64
		{F617A216-B18C-468B-9E5E-777616191753}.Release|x86.ActiveCfg = Release|Win32
		{F617A216-B18C-468B-9E5E-777616191753}.Release|x86.Build.0 = Release|Win32
		{C2EB420D-7C6C-4BDC-AA98-E838B88D19B1}.Debug|x64.ActiveCfg = Debug|x64
		{C2EB420D-7C6C-4BDC-AA98-E838B88D19B1}.Debug|x64.Build.0 = Debug|x64
		{C2EB420D-7C6C-4BDC-AA98-E838B88D19B1}.Debug|x86.ActiveCfg = Debug|Win32
		{C2EB420D-7C6C-4BDC-AA98-E838B88D19B1}.Debug|x86.Build.0 = Debug|Win32
		{C2EB420D-7C6C-4BDC-AA98-E838B88D19B1}.Release|x64.ActiveCfg = Release|x64
		{C2EB420D-7C6C-4BDC-AA98-E838B88D19B1}.Release|x64.Build.0 = Release|x64
		{C2EB420D-7C6C-4BDC-AA98-E838B88D19B1}.Release|x86.ActiveCfg = Release|Win32
		{C2EB420D-7C6C-4BDC-AA98-E838B88D19B1}.Release|x86.Build.0 = Release|Win32
		{53FD239F-9A00-4B7A-9106-8ABEAB76D131}.Debug|x64.ActiveCfg = Debug|x64
		{53FD239F-9A00-4B7A-9106-8ABEAB76D131}.Debug|x64.Build.0 = Debug|x64
		{53FD239F-9A00-4B7A-9106-8ABEAB76D131}.Debug|x86.ActiveCfg = Debug|Win32
		{53FD239F-9A00-4B7A-9106-8ABEAB76D131}.Debug|x86.Build.0 = Debug|Win32
		{53FD239F-9A00-4B7A-9106-8ABEAB76D131}.Release|x64.ActiveCfg = Release|x64
		{53FD239F-9A00-4B7A-9106-8ABEAB76D131}.Release|x64.Build.0 = Release|x64
		{53FD239F-9A00-4B7A-9106-8ABEAB76D131}.Release|x86.ActiveCfg = Release|Win32
		{53FD239F-9A00-4B7A-9106-8ABEAB76D131}.Release|x86.Build.0 = Release|Win32
		{100B738F-902B-4BE5-8AA7-E6C6AE1C71F2}.Debug|x64.ActiveCfg = Debug|x64
		{100B738F-902B-4BE5-8AA7-E6C6AE1C71F2}.Debug|x64.Build.0 = Debug|x64
		{100B738F-902B-4BE5-8AA7-E6C6AE1C71F2}.Debug|x86.ActiveCfg = Debug|Win32
		{100B738F-902B-4BE5-8AA7-E6C6AE1C71F2}.Debug|x86.Build.0 = Debug|Win32
		{100B738F-902B-4BE5-8AA7-E6C6AE1C71F2}.Release|x64.ActiveCfg = Release|x64
		{100B738F-902B-4BE5-8AA7-E6C6AE1C71F2}.Release|x64.Build.0 = Release|x64
		{100B738F-902B-4BE5-8AA7-E6C6AE1C71F2}.Release|x86.ActiveCfg = Release|Win32
		{100B738F-902B-4BE5-8AA7-E6C6AE1C71F2}.Release|x86.Build.0 = Release|Win32
		{30757BB0-913C-4A68-AF4B-003CE2870512}.Debug|x64.ActiveCfg = Debug|x64
		{30757BB0-913C-4A68-AF4B-003CE2870512}.Debug|x64.Build.0 = Debug|x64
		{30757BB0-913C-4A68-AF4B-003CE2870512}.Debug|x86.ActiveCfg = Debug|Win32
		{30757BB0-913C-4A68-AF4B-003CE2870512}.Debug|x86.Build.0 = Debug|Win32
		{30757BB0-913C-4A68-AF4B-003CE2870512}.Release|x64.ActiveCfg = Release|x64
		{30757BB0-913C-4A68-AF4B-003CE2870512}.Release|x64.Build.0 = Release|x64
		{30757BB0-913C-4A68-AF4B-003CE2870512}.Release|x86.ActiveCfg = Release|Win32
		{30757BB0-913C-4A68-AF4B-003CE2870512}.Release|x86.Build.0 = Release|Win32
		{DB9B4541-566E-42F0-8C74-8543F8D2D83F}.Debug|x64.ActiveCfg = Debug|x64
		{DB9B4541-566E-42F0-8C74-8543F8D2D83F}.Debug|x64.Build.0 = Debug|x64
		{DB9B4541-566E-42F0-8C74-8543F8D2D83F}.Debug|x86.ActiveCfg = Debug|Win32
		{DB9B4541-566E-42F0-8C74-8543F8D2D83F}.Debug|x86.Build.0 = Debug|Win32
		{DB9B4541-566E-42F0-8C74-8543F8D2D83F}.Release|x64.ActiveCfg = Release|x64
		{DB9B4541-566E-42F0-8C74-8543F8D2D83F}.Release|x64.Build.0 = Release|x64
		{DB9B4541-566E-42F0-8C74-8543F8D2D83F}.Release|x86.ActiveCfg = Release|Win32
		{DB9B4541-566E-42F0-8C74-8543F8D2D83F}.Release|x86.Build.0 = Release|Win32
		{C5028CAF-A554-4773-BDF6-C9166CF1E927}.Debug|x64.ActiveCfg = Debug|x64
		{C5028CAF-A554-4773-BDF6-C9166CF1E927}.Debug|x64.Build.0 = Debug|x64
		{C5028CAF-A554-4773-BDF6-C9166CF1E927}.Debug|x86.ActiveCfg = Debug|Win32
		{C5028CAF-A554-4773-BDF6-C9166CF1E927}.Debug|x86.Build.0 = Debug|Win32
		{C5028CAF-A554-4773-BDF6-C9166CF1E927}.Release|x64.ActiveCfg = Release|x64
		{C5028CAF-A554-4773-BDF6-C9166CF1E927}.Release|x64.Build.0 = Release|x64
		{C5028CAF-A554-4773-BDF6-C9166CF1E927}.Release|x86.ActiveCfg = Release|Win32
		{C5028CAF-A554-4773-BDF6-C9166CF1E927}.Release|x86.Build.0 = Release|Win32
		{70997458-4178-4E01-97EA-35A81BE8E7BF}.Debug|x64.ActiveCfg = Debug|x64
		{70997458-4178-4E01-97EA-35A81BE8E7BF}.Debug|x64.Build.0 = Debug|x64
		{70997458-4178-4E01-97EA-35A81BE8E7BF}.Debug|x86.ActiveCfg = Debug|Win32
		{70997458-4178-4E01-97EA-35A81BE8E7BF}.Debug|x86.Build.0 = Debug|Win32
		{70997458-4178-4E01-97EA-35A81BE8E7BF}.Release|x64.ActiveCfg = Release|x64
		{70997458-4178-4E01-97EA-35A81BE8E7BF}.Release|x64.Build.0 = Release|x64
		{70997458-4178-4E01-97EA-35A81BE8E7BF}.Release|x86.ActiveCfg = Release|Win32
		{70997458-4178-4E01-97EA-35A81BE8E7BF}.Release|x86.Build.0 = Release|Win32
		{118AC6D6-0F02-4462-A135-690D0AAAB15D}.Debug|x64.ActiveCfg = Debug|x64
		{118AC6D6-0F02-4462-A135-690D0AAAB15D}.Debug|x64.Build.0 = Debug|x64
		{118AC6D6-0F02-4462-A135-690D0AAAB15D}.Debug|x86.ActiveCfg = Debug|Win32
		{118AC6D6-0F02-4462-A135-690D0AAAB15D}.Debug|x86.Build.0 = Debug|Win32
		{118AC6D6-0F02-4462-A135-690D0AAAB15D}.Release|x64.ActiveCfg = Release|x64
		{118AC6D6-0F02-4462-A135-690D0AAAB15D}.Release|x64.Build.0 = Release|x64
		{118AC6D6-0F02-4462-A135-690D0AAAB15D}.Release|x86.ActiveCfg = Release|Win32
		{118AC6D6-0F02-4462-A135-690D0AAAB15D}.Release|x86.Build.0 = Release|Win32
		{DF56729B-65AE-492B-9792-D7454D884357}.Debug|x64.ActiveCfg = Debug|x64
		{DF56729B-65AE-492B-9792-D7454D884357}.Debug|x64.Build.0 = Debug|x64
		{DF56729B-65AE-492B-9792-D7454D884357}.Debug|x86.ActiveCfg = Debug|Win32
		{DF56729B-65AE-492B-9792-D7454D884357}.Debug|x86.Build.0 = Debug|Win32
		{DF56729B-65AE-492B-9792-D7454D884357}.Release|x64.ActiveCfg = Release|x64
		{DF56729B-65AE-492B-9792-D7454D884357}.Release|x64.Build.0 = Release|x64
		{DF56729B-65AE-492B-9792-D7454D884357}.Release|x86.ActiveCfg = Release|Win32
		{DF56729B-65AE-492B-9792-D7454D884357}.Release|x86.Build.0 = Release|Win32
		{3D579002-92D3-4315-B9C5-617C0DBD6634}.Debug|x64.ActiveCfg = Debug|x64
		{3D579002-92D3-4315-B9C5-617C0DBD6634}.Debug|x64.Build.0 = Debug|x64
		{3D579002-92D3-4315-B9C5-617C0DBD6634}.Debug|x86.ActiveCfg = Debug|Win32
		{3D579002-92D3-4315-B9C5-617C0DBD6634}.Debug|x86.Build.0 = Debug|Win32
		{3D579002-92D3-4315-B9C5-617C0DBD6634}.Release|x64.ActiveCfg = Release|x64
		{3D579002-92D3-4315-B9C5-617C0DBD6634}.Release|x64.Build.0 = Release|x64
		{3D579002-92D3-4315-B9C5-617C0DBD6634}.Release|x86.ActiveCfg = Release|Win32
		{3D579002-92D3-4315-B9C5-617C0DBD6634}.Release|x86.Build.0 = Release|Win32
		{9676FA70-75B6-4A5D-953D-FB15219E7D85}.Debug|x64.ActiveCfg = Debug|x64
		{9676FA70-75B6-4A5D-953D-FB15219E7D85}.Debug|x64.Build.0 = Debug|x64
		{9676FA70-75B6-4A5D-953D-FB15219E7D85}.Debug|x86.ActiveCfg = Debug|Win32
		{9676FA70-75B6-4A5D-953D-FB15219E7D85}.Debug|x86.Build.0 = Debug|Win32
		{9676FA70-75B6-4A5D-953D-FB15219E7D85}.Release|x64.ActiveCfg = Release|x64
		{9676FA70-75B6-4A5D-953D-FB15219E7D85}.Release|x64.Build.0 = Release|x64
		{9676FA70-75B6-4A5D-953D-FB15219E7D85}.Release|x86.ActiveCfg = Release|Win32
		{9676FA70-75B6-4A5D-953D-FB15219E7D85}.Release|x86.Build.0 = Release|Win32
		{2BAB3444-5E3C-4BAA-950F-062147AF0377}.Debug|x64.ActiveCfg = Debug|x64
		{2BAB3444-5E3C-4BAA-950F-062147AF0377}.Debug|x64.Build.0 = Debug|x64
		{2BAB3444-5E3C-4BAA-950F-062147AF0377}.Debug|x86.ActiveCfg = Debug|Win32
		{2BAB3444-5E3C-4BAA-950F-062147AF0377}.Debug|x86.Build.0 = Debug|Win32
		{2BAB3444-5E3C-4BAA-950F-062147AF0377}.Release|x64.ActiveCfg = Release|x64
		{2BAB3444-5E3C-4BAA-950F-062147AF0377}.Release|x64.Build.0 = Release|x64
		{2BAB3444-5E3C-4BAA-950F-062147AF0377}.Release|x86.ActiveCfg = Release|Win32
		{2BAB3444-5E3C-4BAA-950F-062147AF0377}.Release|x86.Build.0 = Release|Win32
		{ED7720FA-3C78-406E-ADB4-00EEB76993BA}.Debug|x64.ActiveCfg = Debug|x64
		{ED7720FA-3C78-406E-ADB4-00EEB76993BA}.Debug|x64.Build.0 = Debug|x64
		{ED7720FA-3C78-406E-ADB4-00EEB76993BA}.Debug|x86.ActiveCfg = Debug|Win32
		{ED7720FA-3C78-406E-ADB4-00EEB76993BA}.Debug|x86.Build.0 = Debug|Win32
		{ED7720FA-3C78-406E-ADB4-00EEB76993BA}.Release|x64.ActiveCfg = Release|x64
		{ED7720FA-3C78-406E-ADB4-00EEB76993BA}.Release|x64.Build.0 = Release|x64
		{ED7720FA-3C78-406E-ADB4-00EEB76993BA}.Release|x86.ActiveCfg = Release|Win32
		{ED7720FA-3C78-406E-ADB4-00EEB76993BA}.Release|x86.Build.0 = Release|Win32
		{300D36D7-9A85-4B74-A338-2E6D09C29374}.Debug|x64.ActiveCfg = Debug|x64
		{300D36D7-9A85-4B74-A338-2E6D09C29374}.Debug|x64.Build.0 = Debug|x64
		{300D36D7-9A85-4B74-A338-2E6D09C29374}.Debug|x86.ActiveCfg = Debug|Win32
		{300D36D7-9A85-4B74-A338-2E6D09C29374}.Debug|x86.Build.0 = Debug|Win32
		{300D36D7-9A85-4B74-A338-2E6D09C29374}.Release|x64.ActiveCfg = Release|x64
		{300D36D7-9A85-4B74-A338-2E6D09C29374}.Release|x64.Build.0 = Release|x64
		{300D36D7-9A85-4B74-A338-2E6D09C29374}.Release|x86.ActiveCfg = Release|Win32
		{300D36D7-9A85-4B74-A338-2E6D09C29374}.Release|x86.Build.0 = Release|Win32
	EndGlobalSection
	GlobalSection(SolutionProperties) = preSolution
		HideSolutionNode = FALSE
	EndGlobalSection
EndGlobal
